{
  "version": 4,
  "terraform_version": "1.1.2",
  "serial": 290,
  "lineage": "45d3aea7-67f7-74d0-cb79-2f78614d825b",
  "outputs": {
    "elb_dns_back_name": {
      "value": "elb-back-471956313.us-east-1.elb.amazonaws.com",
      "type": "string"
    },
    "elb_dns_front_name": {
      "value": "elb-front-210751263.us-east-1.elb.amazonaws.com",
      "type": "string"
    }
  },
  "resources": [
    {
      "mode": "managed",
      "type": "aws_autoscaling_group",
      "name": "back",
      "provider": "provider[\"registry.terraform.io/hashicorp/aws\"]",
      "instances": [
        {
          "schema_version": 0,
          "attributes": {
            "arn": "arn:aws:autoscaling:us-east-1:477886836737:autoScalingGroup:cec85e44-2ef9-45c1-b235-9853d5e67bcb:autoScalingGroupName/back-20220103221507457500000001-asg",
            "availability_zones": [
              "us-east-1a",
              "us-east-1b"
            ],
            "capacity_rebalance": false,
            "default_cooldown": 300,
            "desired_capacity": 2,
            "enabled_metrics": [
              "GroupDesiredCapacity",
              "GroupInServiceInstances",
              "GroupMaxSize",
              "GroupMinSize",
              "GroupTotalInstances"
            ],
            "force_delete": false,
            "force_delete_warm_pool": false,
            "health_check_grace_period": 300,
            "health_check_type": "ELB",
            "id": "back-20220103221507457500000001-asg",
            "initial_lifecycle_hook": [],
            "instance_refresh": [],
            "launch_configuration": "back-20220103221507457500000001",
            "launch_template": [],
            "load_balancers": null,
            "max_instance_lifetime": 0,
            "max_size": 2,
            "metrics_granularity": "1Minute",
            "min_elb_capacity": null,
            "min_size": 2,
            "mixed_instances_policy": [],
            "name": "back-20220103221507457500000001-asg",
            "name_prefix": "",
            "placement_group": "",
            "protect_from_scale_in": false,
            "service_linked_role_arn": "arn:aws:iam::477886836737:role/aws-service-role/autoscaling.amazonaws.com/AWSServiceRoleForAutoScaling",
            "suspended_processes": null,
            "tag": [
              {
                "key": "Name",
                "propagate_at_launch": true,
                "value": "back"
              }
            ],
            "tags": null,
            "target_group_arns": [
              "arn:aws:elasticloadbalancing:us-east-1:477886836737:targetgroup/pref-20220103212731405800000002/93bc1d8ea153b18b"
            ],
            "termination_policies": null,
            "timeouts": null,
            "vpc_zone_identifier": [
              "subnet-0173f0a065d6239fd",
              "subnet-0e2620dc0203c3b01"
            ],
            "wait_for_capacity_timeout": "10m",
            "wait_for_elb_capacity": null,
            "warm_pool": []
          },
          "sensitive_attributes": [],
          "private": "eyJlMmJmYjczMC1lY2FhLTExZTYtOGY4OC0zNDM2M2JjN2M0YzAiOnsiZGVsZXRlIjo2MDAwMDAwMDAwMDB9fQ==",
          "dependencies": [
            "aws_key_pair.webserver-key",
            "aws_launch_configuration.back",
            "aws_security_group.http-allowed",
            "aws_security_group.ssh-allowed",
            "aws_subnet.prod-public-subnet-1",
            "aws_subnet.prod-public-subnet-2",
            "module.alb-back.aws_lb_target_group.main",
            "tls_private_key.webserver-private-key"
          ],
          "create_before_destroy": true
        }
      ]
    },
    {
      "mode": "managed",
      "type": "aws_autoscaling_group",
      "name": "front",
      "provider": "provider[\"registry.terraform.io/hashicorp/aws\"]",
      "instances": [
        {
          "schema_version": 0,
          "attributes": {
            "arn": "arn:aws:autoscaling:us-east-1:477886836737:autoScalingGroup:9149f8cd-59c7-4a35-a1f5-0360ecf735c4:autoScalingGroupName/front-20220103214721669000000002-asg",
            "availability_zones": [
              "us-east-1a",
              "us-east-1b"
            ],
            "capacity_rebalance": false,
            "default_cooldown": 300,
            "desired_capacity": 2,
            "enabled_metrics": [
              "GroupDesiredCapacity",
              "GroupInServiceInstances",
              "GroupMaxSize",
              "GroupMinSize",
              "GroupTotalInstances"
            ],
            "force_delete": false,
            "force_delete_warm_pool": false,
            "health_check_grace_period": 300,
            "health_check_type": "ELB",
            "id": "front-20220103214721669000000002-asg",
            "initial_lifecycle_hook": [],
            "instance_refresh": [],
            "launch_configuration": "front-20220103214721669000000002",
            "launch_template": [],
            "load_balancers": [],
            "max_instance_lifetime": 0,
            "max_size": 2,
            "metrics_granularity": "1Minute",
            "min_elb_capacity": null,
            "min_size": 2,
            "mixed_instances_policy": [],
            "name": "front-20220103214721669000000002-asg",
            "name_prefix": "",
            "placement_group": "",
            "protect_from_scale_in": false,
            "service_linked_role_arn": "arn:aws:iam::477886836737:role/aws-service-role/autoscaling.amazonaws.com/AWSServiceRoleForAutoScaling",
            "suspended_processes": [],
            "tag": [
              {
                "key": "Name",
                "propagate_at_launch": true,
                "value": "front"
              }
            ],
            "tags": null,
            "target_group_arns": [
              "arn:aws:elasticloadbalancing:us-east-1:477886836737:targetgroup/pref-20220103200459678600000001/288b91f99fa56b46"
            ],
            "termination_policies": [],
            "timeouts": null,
            "vpc_zone_identifier": [
              "subnet-0173f0a065d6239fd",
              "subnet-0e2620dc0203c3b01"
            ],
            "wait_for_capacity_timeout": "10m",
            "wait_for_elb_capacity": null,
            "warm_pool": []
          },
          "sensitive_attributes": [],
          "private": "eyJlMmJmYjczMC1lY2FhLTExZTYtOGY4OC0zNDM2M2JjN2M0YzAiOnsiZGVsZXRlIjo2MDAwMDAwMDAwMDB9fQ==",
          "dependencies": [
            "module.alb-front.aws_lb_target_group.main",
            "aws_launch_configuration.front",
            "aws_subnet.prod-public-subnet-1",
            "aws_security_group.ssh-allowed",
            "aws_subnet.prod-public-subnet-2",
            "aws_vpc.prod-vpc",
            "tls_private_key.webserver-private-key",
            "aws_key_pair.webserver-key",
            "aws_security_group.http-allowed"
          ],
          "create_before_destroy": true
        }
      ]
    },
    {
      "mode": "managed",
      "type": "aws_internet_gateway",
      "name": "prod-igw",
      "provider": "provider[\"registry.terraform.io/hashicorp/aws\"]",
      "instances": [
        {
          "schema_version": 0,
          "attributes": {
            "arn": "arn:aws:ec2:us-east-1:477886836737:internet-gateway/igw-0a8c2aa5fa3dfd108",
            "id": "igw-0a8c2aa5fa3dfd108",
            "owner_id": "477886836737",
            "tags": {
              "Name": "prod-igw"
            },
            "tags_all": {
              "Name": "prod-igw"
            },
            "vpc_id": "vpc-04975bc0e19087df1"
          },
          "sensitive_attributes": [],
          "private": "bnVsbA==",
          "dependencies": [
            "aws_vpc.prod-vpc"
          ]
        }
      ]
    },
    {
      "mode": "managed",
      "type": "aws_key_pair",
      "name": "webserver-key",
      "provider": "provider[\"registry.terraform.io/hashicorp/aws\"]",
      "instances": [
        {
          "schema_version": 1,
          "attributes": {
            "arn": "arn:aws:ec2:us-east-1:477886836737:key-pair/webserver-key",
            "fingerprint": "3b:3f:9f:e7:1b:aa:eb:10:c3:2b:48:70:e9:e4:26:7e",
            "id": "webserver-key",
            "key_name": "webserver-key",
            "key_name_prefix": "",
            "key_pair_id": "key-0fb372b2e215e6a18",
            "public_key": "ssh-rsa AAAAB3NzaC1yc2EAAAADAQABAAACAQDEHECfP4hNEL9+xXxqVHmWDRgF9VFUtluPpS+tcaQOWktlqh6nXim8f/JkxlT/Z+LBV+ZQyDLyfRUCE/BF8JdxWmdaskJFoExHr/YwypkkmWQPLcOoQA5osvl1vg094LIPUeuyUd9VZDGoJraNenZMFUi4Bns1otJ7NKmzF4tqW+zaj+5MaNBpPMkA5cl2RNoe14uA7FRr2K2LBBkiZ75HuCPuMEFqejwqKVmv/vxJZ5UETWzrZgTkpmm62fnsWFJa82ed0pDO+r+CbPT6Rf3bBy2TSBs5wPKKClfYIl6IW5Hdl9egDaPpPq6NRxIF4Gyja/HbuETDq2RgISe0sHWK1Uy6Lwx3YOcSiUxEgFW6n9KtvZLt1rUroA0NJBrxWBSQpwO95LER6DkC2fElwhUAcCxXcuhxWI0D1j3tTVFYSjIkVSJUUFRg+DIIRNVA/RF8QFNInumHW+Bnv75zZK+beizHTCAjWdkHV3E+JysXhzJLKeggsTi1d6Ou4UipgZCnDJTC7YGdQtOGqDyyjIrkvGiWK7QBHGCoeK2Ejx9JugyTprXkXnm7Q7DFNaUwuobW3geEvdkSZAsUFzjVElkAJ3ZCL6YIaEqIfsWbzrQ8T+UvUDuEMbltqY3Vrc80bQC9cDNMWo+z/2zWqrQ7pVNqY3rizwUdNGIR/UFeOmooNQ==",
            "tags": {},
            "tags_all": {}
          },
          "sensitive_attributes": [],
          "private": "eyJzY2hlbWFfdmVyc2lvbiI6IjEifQ==",
          "dependencies": [
            "tls_private_key.webserver-private-key"
          ],
          "create_before_destroy": true
        }
      ]
    },
    {
      "mode": "managed",
      "type": "aws_launch_configuration",
      "name": "back",
      "provider": "provider[\"registry.terraform.io/hashicorp/aws\"]",
      "instances": [
        {
          "schema_version": 0,
          "attributes": {
            "arn": "arn:aws:autoscaling:us-east-1:477886836737:launchConfiguration:8a2b1144-f59c-4578-b716-1c7d00f94fb1:launchConfigurationName/back-20220103221507457500000001",
            "associate_public_ip_address": true,
            "ebs_block_device": [],
            "ebs_optimized": false,
            "enable_monitoring": true,
            "ephemeral_block_device": [],
            "iam_instance_profile": "",
            "id": "back-20220103221507457500000001",
            "image_id": "ami-04505e74c0741db8d",
            "instance_type": "t2.micro",
            "key_name": "webserver-key",
            "metadata_options": [],
            "name": "back-20220103221507457500000001",
            "name_prefix": "back-",
            "placement_tenancy": null,
            "root_block_device": [],
            "security_groups": [
              "sg-03f87fea9ba5b93c1",
              "sg-0a2b7426ef46f52a3"
            ],
            "spot_price": "",
            "user_data": "6b51a9f49293de159b69f19d54754ad8d2069e72",
            "user_data_base64": null,
            "vpc_classic_link_id": "",
            "vpc_classic_link_security_groups": null
          },
          "sensitive_attributes": [],
          "private": "bnVsbA==",
          "dependencies": [
            "aws_key_pair.webserver-key",
            "aws_security_group.http-allowed",
            "aws_security_group.ssh-allowed",
            "tls_private_key.webserver-private-key"
          ],
          "create_before_destroy": true
        }
      ]
    },
    {
      "mode": "managed",
      "type": "aws_launch_configuration",
      "name": "front",
      "provider": "provider[\"registry.terraform.io/hashicorp/aws\"]",
      "instances": [
        {
          "schema_version": 0,
          "attributes": {
            "arn": "arn:aws:autoscaling:us-east-1:477886836737:launchConfiguration:4f11ee05-656e-47a4-9a31-ef9fd93de76d:launchConfigurationName/front-20220103214721669000000002",
            "associate_public_ip_address": true,
            "ebs_block_device": [],
            "ebs_optimized": false,
            "enable_monitoring": true,
            "ephemeral_block_device": [],
            "iam_instance_profile": "",
            "id": "front-20220103214721669000000002",
            "image_id": "ami-04505e74c0741db8d",
            "instance_type": "t2.micro",
            "key_name": "webserver-key",
            "metadata_options": [],
            "name": "front-20220103214721669000000002",
            "name_prefix": "front-",
            "placement_tenancy": null,
            "root_block_device": [],
            "security_groups": [
              "sg-03f87fea9ba5b93c1",
              "sg-0a2b7426ef46f52a3"
            ],
            "spot_price": "",
            "user_data": "c41a9b7393cf201b7c18404f6dca86d1cc8ec464",
            "user_data_base64": null,
            "vpc_classic_link_id": "",
            "vpc_classic_link_security_groups": []
          },
          "sensitive_attributes": [],
          "private": "bnVsbA==",
          "dependencies": [
            "aws_security_group.ssh-allowed",
            "aws_vpc.prod-vpc",
            "tls_private_key.webserver-private-key",
            "aws_key_pair.webserver-key",
            "aws_security_group.http-allowed"
          ],
          "create_before_destroy": true
        }
      ]
    },
    {
      "mode": "managed",
      "type": "aws_route_table",
      "name": "prod-public-crt",
      "provider": "provider[\"registry.terraform.io/hashicorp/aws\"]",
      "instances": [
        {
          "schema_version": 0,
          "attributes": {
            "arn": "arn:aws:ec2:us-east-1:477886836737:route-table/rtb-099b878db880b9656",
            "id": "rtb-099b878db880b9656",
            "owner_id": "477886836737",
            "propagating_vgws": [],
            "route": [
              {
                "carrier_gateway_id": "",
                "cidr_block": "0.0.0.0/0",
                "destination_prefix_list_id": "",
                "egress_only_gateway_id": "",
                "gateway_id": "igw-0a8c2aa5fa3dfd108",
                "instance_id": "",
                "ipv6_cidr_block": "",
                "local_gateway_id": "",
                "nat_gateway_id": "",
                "network_interface_id": "",
                "transit_gateway_id": "",
                "vpc_endpoint_id": "",
                "vpc_peering_connection_id": ""
              }
            ],
            "tags": {
              "Name": "prod-public-crt"
            },
            "tags_all": {
              "Name": "prod-public-crt"
            },
            "timeouts": null,
            "vpc_id": "vpc-04975bc0e19087df1"
          },
          "sensitive_attributes": [],
          "private": "eyJlMmJmYjczMC1lY2FhLTExZTYtOGY4OC0zNDM2M2JjN2M0YzAiOnsiY3JlYXRlIjozMDAwMDAwMDAwMDAsImRlbGV0ZSI6MzAwMDAwMDAwMDAwLCJ1cGRhdGUiOjEyMDAwMDAwMDAwMH19",
          "dependencies": [
            "aws_internet_gateway.prod-igw",
            "aws_vpc.prod-vpc"
          ]
        }
      ]
    },
    {
      "mode": "managed",
      "type": "aws_route_table_association",
      "name": "prod-crta-public-subnet-1",
      "provider": "provider[\"registry.terraform.io/hashicorp/aws\"]",
      "instances": [
        {
          "schema_version": 0,
          "attributes": {
            "gateway_id": "",
            "id": "rtbassoc-0dd7fde19928e5d23",
            "route_table_id": "rtb-099b878db880b9656",
            "subnet_id": "subnet-0173f0a065d6239fd"
          },
          "sensitive_attributes": [],
          "private": "bnVsbA==",
          "dependencies": [
            "aws_internet_gateway.prod-igw",
            "aws_route_table.prod-public-crt",
            "aws_subnet.prod-public-subnet-1",
            "aws_vpc.prod-vpc"
          ]
        }
      ]
    },
    {
      "mode": "managed",
      "type": "aws_route_table_association",
      "name": "prod-crta-public-subnet-2",
      "provider": "provider[\"registry.terraform.io/hashicorp/aws\"]",
      "instances": [
        {
          "schema_version": 0,
          "attributes": {
            "gateway_id": "",
            "id": "rtbassoc-062cb5a2b153bd36f",
            "route_table_id": "rtb-099b878db880b9656",
            "subnet_id": "subnet-0e2620dc0203c3b01"
          },
          "sensitive_attributes": [],
          "private": "bnVsbA==",
          "dependencies": [
            "aws_internet_gateway.prod-igw",
            "aws_route_table.prod-public-crt",
            "aws_subnet.prod-public-subnet-2",
            "aws_vpc.prod-vpc"
          ]
        }
      ]
    },
    {
      "mode": "managed",
      "type": "aws_security_group",
      "name": "elb-http",
      "provider": "provider[\"registry.terraform.io/hashicorp/aws\"]",
      "instances": [
        {
          "schema_version": 1,
          "attributes": {
            "arn": "arn:aws:ec2:us-east-1:477886836737:security-group/sg-0785a52de53401c9f",
            "description": "Allow HTTP traffic to instances through Elastic Load Balancer",
            "egress": [
              {
                "cidr_blocks": [
                  "0.0.0.0/0"
                ],
                "description": "",
                "from_port": 0,
                "ipv6_cidr_blocks": [],
                "prefix_list_ids": [],
                "protocol": "-1",
                "security_groups": [],
                "self": false,
                "to_port": 0
              }
            ],
            "id": "sg-0785a52de53401c9f",
            "ingress": [
              {
                "cidr_blocks": [
                  "0.0.0.0/0"
                ],
                "description": "",
                "from_port": 80,
                "ipv6_cidr_blocks": [],
                "prefix_list_ids": [],
                "protocol": "tcp",
                "security_groups": [],
                "self": false,
                "to_port": 80
              }
            ],
            "name": "elb-http",
            "name_prefix": "",
            "owner_id": "477886836737",
            "revoke_rules_on_delete": false,
            "tags": {
              "Name": "Allow HTTP through ELB Security Group"
            },
            "tags_all": {
              "Name": "Allow HTTP through ELB Security Group"
            },
            "timeouts": null,
            "vpc_id": "vpc-04975bc0e19087df1"
          },
          "sensitive_attributes": [],
          "private": "eyJlMmJmYjczMC1lY2FhLTExZTYtOGY4OC0zNDM2M2JjN2M0YzAiOnsiY3JlYXRlIjo2MDAwMDAwMDAwMDAsImRlbGV0ZSI6OTAwMDAwMDAwMDAwfSwic2NoZW1hX3ZlcnNpb24iOiIxIn0=",
          "dependencies": [
            "aws_vpc.prod-vpc"
          ]
        }
      ]
    },
    {
      "mode": "managed",
      "type": "aws_security_group",
      "name": "http-allowed",
      "provider": "provider[\"registry.terraform.io/hashicorp/aws\"]",
      "instances": [
        {
          "schema_version": 1,
          "attributes": {
            "arn": "arn:aws:ec2:us-east-1:477886836737:security-group/sg-0a2b7426ef46f52a3",
            "description": "Allow HTTP inbound connections",
            "egress": [
              {
                "cidr_blocks": [
                  "0.0.0.0/0"
                ],
                "description": "",
                "from_port": 0,
                "ipv6_cidr_blocks": [],
                "prefix_list_ids": [],
                "protocol": "-1",
                "security_groups": [],
                "self": false,
                "to_port": 0
              }
            ],
            "id": "sg-0a2b7426ef46f52a3",
            "ingress": [
              {
                "cidr_blocks": [
                  "0.0.0.0/0"
                ],
                "description": "",
                "from_port": 80,
                "ipv6_cidr_blocks": [],
                "prefix_list_ids": [],
                "protocol": "tcp",
                "security_groups": [],
                "self": false,
                "to_port": 80
              }
            ],
            "name": "allow_http",
            "name_prefix": "",
            "owner_id": "477886836737",
            "revoke_rules_on_delete": false,
            "tags": {
              "Name": "http-allowed"
            },
            "tags_all": {
              "Name": "http-allowed"
            },
            "timeouts": null,
            "vpc_id": "vpc-04975bc0e19087df1"
          },
          "sensitive_attributes": [],
          "private": "eyJlMmJmYjczMC1lY2FhLTExZTYtOGY4OC0zNDM2M2JjN2M0YzAiOnsiY3JlYXRlIjo2MDAwMDAwMDAwMDAsImRlbGV0ZSI6OTAwMDAwMDAwMDAwfSwic2NoZW1hX3ZlcnNpb24iOiIxIn0=",
          "dependencies": [
            "aws_vpc.prod-vpc"
          ],
          "create_before_destroy": true
        }
      ]
    },
    {
      "mode": "managed",
      "type": "aws_security_group",
      "name": "ssh-allowed",
      "provider": "provider[\"registry.terraform.io/hashicorp/aws\"]",
      "instances": [
        {
          "schema_version": 1,
          "attributes": {
            "arn": "arn:aws:ec2:us-east-1:477886836737:security-group/sg-03f87fea9ba5b93c1",
            "description": "Managed by Terraform",
            "egress": [
              {
                "cidr_blocks": [
                  "0.0.0.0/0"
                ],
                "description": "",
                "from_port": 0,
                "ipv6_cidr_blocks": [],
                "prefix_list_ids": [],
                "protocol": "-1",
                "security_groups": [],
                "self": false,
                "to_port": 0
              }
            ],
            "id": "sg-03f87fea9ba5b93c1",
            "ingress": [
              {
                "cidr_blocks": [
                  "0.0.0.0/0"
                ],
                "description": "",
                "from_port": 22,
                "ipv6_cidr_blocks": [],
                "prefix_list_ids": [],
                "protocol": "tcp",
                "security_groups": [],
                "self": false,
                "to_port": 22
              },
              {
                "cidr_blocks": [
                  "0.0.0.0/0"
                ],
                "description": "",
                "from_port": 80,
                "ipv6_cidr_blocks": [],
                "prefix_list_ids": [],
                "protocol": "tcp",
                "security_groups": [],
                "self": false,
                "to_port": 80
              }
            ],
            "name": "terraform-20220103200459686200000003",
            "name_prefix": "terraform-",
            "owner_id": "477886836737",
            "revoke_rules_on_delete": false,
            "tags": {
              "Name": "ssh-allowed"
            },
            "tags_all": {
              "Name": "ssh-allowed"
            },
            "timeouts": null,
            "vpc_id": "vpc-04975bc0e19087df1"
          },
          "sensitive_attributes": [],
          "private": "eyJlMmJmYjczMC1lY2FhLTExZTYtOGY4OC0zNDM2M2JjN2M0YzAiOnsiY3JlYXRlIjo2MDAwMDAwMDAwMDAsImRlbGV0ZSI6OTAwMDAwMDAwMDAwfSwic2NoZW1hX3ZlcnNpb24iOiIxIn0=",
          "dependencies": [
            "aws_vpc.prod-vpc"
          ],
          "create_before_destroy": true
        }
      ]
    },
    {
      "mode": "managed",
      "type": "aws_subnet",
      "name": "prod-public-subnet-1",
      "provider": "provider[\"registry.terraform.io/hashicorp/aws\"]",
      "instances": [
        {
          "schema_version": 1,
          "attributes": {
            "arn": "arn:aws:ec2:us-east-1:477886836737:subnet/subnet-0173f0a065d6239fd",
            "assign_ipv6_address_on_creation": false,
            "availability_zone": "us-east-1a",
            "availability_zone_id": "use1-az1",
            "cidr_block": "10.0.1.0/24",
            "customer_owned_ipv4_pool": "",
            "id": "subnet-0173f0a065d6239fd",
            "ipv6_cidr_block": "",
            "ipv6_cidr_block_association_id": "",
            "map_customer_owned_ip_on_launch": false,
            "map_public_ip_on_launch": true,
            "outpost_arn": "",
            "owner_id": "477886836737",
            "tags": {
              "Name": "prod-public-subnet-1"
            },
            "tags_all": {
              "Name": "prod-public-subnet-1"
            },
            "timeouts": null,
            "vpc_id": "vpc-04975bc0e19087df1"
          },
          "sensitive_attributes": [],
          "private": "eyJlMmJmYjczMC1lY2FhLTExZTYtOGY4OC0zNDM2M2JjN2M0YzAiOnsiY3JlYXRlIjo2MDAwMDAwMDAwMDAsImRlbGV0ZSI6MTIwMDAwMDAwMDAwMH0sInNjaGVtYV92ZXJzaW9uIjoiMSJ9",
          "dependencies": [
            "aws_vpc.prod-vpc"
          ],
          "create_before_destroy": true
        }
      ]
    },
    {
      "mode": "managed",
      "type": "aws_subnet",
      "name": "prod-public-subnet-2",
      "provider": "provider[\"registry.terraform.io/hashicorp/aws\"]",
      "instances": [
        {
          "schema_version": 1,
          "attributes": {
            "arn": "arn:aws:ec2:us-east-1:477886836737:subnet/subnet-0e2620dc0203c3b01",
            "assign_ipv6_address_on_creation": false,
            "availability_zone": "us-east-1b",
            "availability_zone_id": "use1-az2",
            "cidr_block": "10.0.2.0/24",
            "customer_owned_ipv4_pool": "",
            "id": "subnet-0e2620dc0203c3b01",
            "ipv6_cidr_block": "",
            "ipv6_cidr_block_association_id": "",
            "map_customer_owned_ip_on_launch": false,
            "map_public_ip_on_launch": true,
            "outpost_arn": "",
            "owner_id": "477886836737",
            "tags": {
              "Name": "prod-public-subnet-2"
            },
            "tags_all": {
              "Name": "prod-public-subnet-2"
            },
            "timeouts": null,
            "vpc_id": "vpc-04975bc0e19087df1"
          },
          "sensitive_attributes": [],
          "private": "eyJlMmJmYjczMC1lY2FhLTExZTYtOGY4OC0zNDM2M2JjN2M0YzAiOnsiY3JlYXRlIjo2MDAwMDAwMDAwMDAsImRlbGV0ZSI6MTIwMDAwMDAwMDAwMH0sInNjaGVtYV92ZXJzaW9uIjoiMSJ9",
          "dependencies": [
            "aws_vpc.prod-vpc"
          ],
          "create_before_destroy": true
        }
      ]
    },
    {
      "mode": "managed",
      "type": "aws_vpc",
      "name": "prod-vpc",
      "provider": "provider[\"registry.terraform.io/hashicorp/aws\"]",
      "instances": [
        {
          "schema_version": 1,
          "attributes": {
            "arn": "arn:aws:ec2:us-east-1:477886836737:vpc/vpc-04975bc0e19087df1",
            "assign_generated_ipv6_cidr_block": false,
            "cidr_block": "10.0.0.0/16",
            "default_network_acl_id": "acl-05373171325ef241f",
            "default_route_table_id": "rtb-0309a39e3c31b72ac",
            "default_security_group_id": "sg-004780da0514a0742",
            "dhcp_options_id": "dopt-07d3ba8e6f195cef6",
            "enable_classiclink": false,
            "enable_classiclink_dns_support": false,
            "enable_dns_hostnames": true,
            "enable_dns_support": true,
            "id": "vpc-04975bc0e19087df1",
            "instance_tenancy": "default",
            "ipv4_ipam_pool_id": null,
            "ipv4_netmask_length": null,
            "ipv6_association_id": "",
            "ipv6_cidr_block": "",
            "ipv6_ipam_pool_id": null,
            "ipv6_netmask_length": null,
            "main_route_table_id": "rtb-0309a39e3c31b72ac",
            "owner_id": "477886836737",
            "tags": {
              "Name": "prod-vpc"
            },
            "tags_all": {
              "Name": "prod-vpc"
            }
          },
          "sensitive_attributes": [],
          "private": "eyJzY2hlbWFfdmVyc2lvbiI6IjEifQ==",
          "create_before_destroy": true
        }
      ]
    },
    {
      "mode": "managed",
      "type": "local_file",
      "name": "private-key",
      "provider": "provider[\"registry.terraform.io/hashicorp/local\"]",
      "instances": [
        {
          "schema_version": 0,
          "attributes": {
            "content": "-----BEGIN RSA PRIVATE KEY-----\nMIIJKQIBAAKCAgEAxBxAnz+ITRC/fsV8alR5lg0YBfVRVLZbj6UvrXGkDlpLZaoe\np14pvH/yZMZU/2fiwVfmUMgy8n0VAhPwRfCXcVpnWrJCRaBMR6/2MMqZJJlkDy3D\nqEAOaLL5db4NPeCyD1HrslHfVWQxqCa2jXp2TBVIuAZ7NaLSezSpsxeLalvs2o/u\nTGjQaTzJAOXJdkTaHteLgOxUa9itiwQZIme+R7gj7jBBano8KilZr/78SWeVBE1s\n62YE5KZputn57FhSWvNnndKQzvq/gmz0+kX92wctk0gbOcDyigpX2CJeiFuR3ZfX\noA2j6T6ujUcSBeBso2vx27hEw6tkYCEntLB1itVMui8Md2DnEolMRIBVup/Srb2S\n7da1K6ANDSQa8VgUkKcDveSxEeg5AtnxJcIVAHAsV3LocViNA9Y97U1RWEoyJFUi\nVFBUYPgyCETVQP0RfEBTSJ7ph1vgZ7++c2Svm3osx0wgI1nZB1dxPicrF4cySyno\nILE4tXejruFIqYGQpwyUwu2BnULThqg8soyK5Lxoliu0ARxgqHithI8fSboMk6a1\n5F55u0OwxTWlMLqG1t4HhL3ZEmQLFBc41RJZACd2Qi+mCGhKiH7Fm860PE/lL1A7\nhDG5bamN1a3PNG0AvXAzTFqPs/9s1qq0O6VTamN64s8FHTRiEf1BXjpqKDUCAwEA\nAQKCAgEAwQHdR93LU62MCkRq8ms5TsiMQDD0Xp8q9fDpP5Z8k/OiCOipSqeOBAsY\nkL3xoXyo2wibkB24ppccOfNNokfrhJAo8EZImyXsbRFtBxAeMLsWkynDSq/gfoLG\nqW7msWOXWySRB+s0FmKJzKhtOkiwbKj17MfUMzGQXdmyuqQNfhwCvAizy1fM5gYA\n/XUqFdAlq/0PO09ctteF1S+vXQElcIh2NFIhz52F4SjZMDGQMt5S9u0MqZC6eB6g\nKFmnc0hppUGxVM6L3mlCWibJ5BdGhG5IGI/625heHCWZ1wncZ+9XW/O5L7i8/S3H\ntRuhTU9XHG98lXaBluHz4/g9j8OrqcJx3P7jb4wvFgRifM9NT/XgvQ9czjybLnyw\nx/9PiBNy2AywNQbTIcLDXo4oOA8+NAfVWSLSH4ZYpkDEngOs/KqOAoht89nof0Vl\ntkxCPhBaRyhoSq9q4ovQKn637iR/Og0PfRsNjexenP7SPIUecqDX+uh6N/JQH7pa\nJAZrwQE4JdUVZ8dPZdU4Oq2zI3RQFZbwpEzQJw8f1nFmkJ2i+q4ZJ2ry8yzjAUA5\n2rM+Xx82kX55gwxUI0K/viocCtKfzQrY71um1sXqaipMwOr1oF4cd2XEUUdWZLwj\nMLplCJDFCFYnBxqCUi8giITNMHVBFdQI6vqzx4RZXsA7nkU00nECggEBAOicSDei\nxR5IYhBZjo/xW6fq1skpRY9Aef8qlq0EglkXf2+6ImOdS/osjN1YtI5EywklXpad\naojf1Ua16vSFfZgM3wXNa3fLngkgPum600gyloew9XXvu2ByniQqqtxafm7I/mPW\nPd23c9GaJUtGcJHp3/VDE2ObjXXS/V1k8nuKsqH1Hz67Hu3MqtHZZBcLeNKdNrQW\nH8ekWHCus8RHc0GJwVfcixUBIRod6JqF0sklfF0CkFvuKxm2PrP3HRyqm9TSxTNy\nZYRcE0rCtI9enVyKzlBx6T12SDZC63+zzfkzyEseCAJw3D6H5C4b5fG6Gmr3pxHL\nXjzNBeCPjOiEFcMCggEBANfUaA6O7oLT5Zh1uvbwv8yTy+eX6d9+jnKkDTUHk3uq\ntGgrKpkg8qksmr/Xz22sF/nn/ocO1N0TOvA0XQ+cr3ep7Q/DKsNvBZbsFROQYLWt\n06C6IGPOTgLxfEOxtMPo2FkYtvEKqJfI84DTk0Pmlw2gUzMJawx1aR7YTfBa4dpg\nKnACMaieZvHDFap70Hw/MhjLWBxkQD2LkTJ5uCbs41eFe4+xZXr6xtMVv1upen9a\nNN+xE2mnBPubPWZT8MTqa5Vfk/SSkKFHiZ3oiVOI0tWVEP3FvD9XTvjLQK6VkeXQ\nw3DAHoF0soCybmjCWnyE3ibHuegw3MwsfeOIHg+i0qcCggEBALrOh9Dmj5e6Wcb3\npV5EX2+DUetLkelxxof+E/PvYx9Zl6aKvYNyl8nabWZ2DssSxFwb/tLGqQAzgny/\nLGojqrGp5JIsXtpeVBTQKLZcq8GXnvxqSTblyH20jvxMp9s/cbpXALX9IMImyoTS\nXpENiOomAQ5fR/r+uaSeRYvzvikpQjx/NxCSBkzDyYuuIou/UtESIRSPkAYtHjmg\nlA5Vs2I212dQXwIHXiYzTtKKFrYjvLSVkonBxCtqCQFOu7qB6ZQJkQW4IX8i0vt/\nUrKxMX9YmkhQsxgBHg01wRtVs10nEPwCqjwLl1VAnSfKj+iJpR2ytiG8SXpazRWD\nM46oRTECggEATkmBpSY7ZcEu2up5cvFI4RALOmpkLuldCkBvefjRil4VKmPeA8Vr\nv+mqCERjvUhbOg7oyFyc4cQD8PVNfEg9bY55quoELPesc14XFw2bxsrSpM5eyVUf\n/vlRNczT4Owo7ciFM1HGbag6i1QzasHNsOeixjR4XACKrOGRA8ozel6/hfmFwcAT\nX0aAKWLX8PmLVmsL/uBuXOSvOjvkjFoI7MpCU5DpWn50eES/MKR9BozV+P3mKMCo\nkgtxbhiskQDnHTuaE3DGfXnRdTHP/jj3IPn9O8/pxKAKyTwQrkMatN3QxqkpZ5PI\n293dJqq438niOvbffFWdAYJx94J8RPeuqQKCAQAcHZ1FbYYA0b62TITb9uzgqbiq\nUQCWtXSwwHZ1PE7ex/3a9z1IegEPhvHsM5VgTEetBXPKjA8141rV9AVvd17VDai9\nrMuwDgAhddk5rDMoTLvWbPKvnk/E+MJP+Z9u7sjyhTo4KhAoTXpycQKX//ChbLzN\nszigcLnj96cTzI0/RYIfarjeKU5dBorZfDDY/rw76ibPSRBLow/voma6bWnb1EgY\nWym/DpNHlbT1Mw7cIVX8P5jgrC8JlWoOMBClL7eoVbZr24NiNgGxHYFUDSn+KN4+\nvUFbBMLUGetnG+E8wW10Wz93O6Cp9UfIOGDtW9NrLdkzlDYtWYlSKM4WS4Kj\n-----END RSA PRIVATE KEY-----\n",
            "content_base64": null,
            "directory_permission": "0777",
            "file_permission": "400",
            "filename": "webserver-key.pem",
            "id": "325a25c34ce917628e7746e6b39f3e15d634a388",
            "sensitive_content": null,
            "source": null
          },
          "sensitive_attributes": [
            [
              {
                "type": "get_attr",
                "value": "content"
              }
            ]
          ],
          "private": "bnVsbA==",
          "dependencies": [
            "tls_private_key.webserver-private-key"
          ]
        }
      ]
    },
    {
      "mode": "managed",
      "type": "tls_private_key",
      "name": "webserver-private-key",
      "provider": "provider[\"registry.terraform.io/hashicorp/tls\"]",
      "instances": [
        {
          "schema_version": 0,
          "attributes": {
            "algorithm": "RSA",
            "ecdsa_curve": "P224",
            "id": "6c973f2568e386821eaf7d6f7bbf6b17900ddc85",
            "private_key_pem": "-----BEGIN RSA PRIVATE KEY-----\nMIIJKQIBAAKCAgEAxBxAnz+ITRC/fsV8alR5lg0YBfVRVLZbj6UvrXGkDlpLZaoe\np14pvH/yZMZU/2fiwVfmUMgy8n0VAhPwRfCXcVpnWrJCRaBMR6/2MMqZJJlkDy3D\nqEAOaLL5db4NPeCyD1HrslHfVWQxqCa2jXp2TBVIuAZ7NaLSezSpsxeLalvs2o/u\nTGjQaTzJAOXJdkTaHteLgOxUa9itiwQZIme+R7gj7jBBano8KilZr/78SWeVBE1s\n62YE5KZputn57FhSWvNnndKQzvq/gmz0+kX92wctk0gbOcDyigpX2CJeiFuR3ZfX\noA2j6T6ujUcSBeBso2vx27hEw6tkYCEntLB1itVMui8Md2DnEolMRIBVup/Srb2S\n7da1K6ANDSQa8VgUkKcDveSxEeg5AtnxJcIVAHAsV3LocViNA9Y97U1RWEoyJFUi\nVFBUYPgyCETVQP0RfEBTSJ7ph1vgZ7++c2Svm3osx0wgI1nZB1dxPicrF4cySyno\nILE4tXejruFIqYGQpwyUwu2BnULThqg8soyK5Lxoliu0ARxgqHithI8fSboMk6a1\n5F55u0OwxTWlMLqG1t4HhL3ZEmQLFBc41RJZACd2Qi+mCGhKiH7Fm860PE/lL1A7\nhDG5bamN1a3PNG0AvXAzTFqPs/9s1qq0O6VTamN64s8FHTRiEf1BXjpqKDUCAwEA\nAQKCAgEAwQHdR93LU62MCkRq8ms5TsiMQDD0Xp8q9fDpP5Z8k/OiCOipSqeOBAsY\nkL3xoXyo2wibkB24ppccOfNNokfrhJAo8EZImyXsbRFtBxAeMLsWkynDSq/gfoLG\nqW7msWOXWySRB+s0FmKJzKhtOkiwbKj17MfUMzGQXdmyuqQNfhwCvAizy1fM5gYA\n/XUqFdAlq/0PO09ctteF1S+vXQElcIh2NFIhz52F4SjZMDGQMt5S9u0MqZC6eB6g\nKFmnc0hppUGxVM6L3mlCWibJ5BdGhG5IGI/625heHCWZ1wncZ+9XW/O5L7i8/S3H\ntRuhTU9XHG98lXaBluHz4/g9j8OrqcJx3P7jb4wvFgRifM9NT/XgvQ9czjybLnyw\nx/9PiBNy2AywNQbTIcLDXo4oOA8+NAfVWSLSH4ZYpkDEngOs/KqOAoht89nof0Vl\ntkxCPhBaRyhoSq9q4ovQKn637iR/Og0PfRsNjexenP7SPIUecqDX+uh6N/JQH7pa\nJAZrwQE4JdUVZ8dPZdU4Oq2zI3RQFZbwpEzQJw8f1nFmkJ2i+q4ZJ2ry8yzjAUA5\n2rM+Xx82kX55gwxUI0K/viocCtKfzQrY71um1sXqaipMwOr1oF4cd2XEUUdWZLwj\nMLplCJDFCFYnBxqCUi8giITNMHVBFdQI6vqzx4RZXsA7nkU00nECggEBAOicSDei\nxR5IYhBZjo/xW6fq1skpRY9Aef8qlq0EglkXf2+6ImOdS/osjN1YtI5EywklXpad\naojf1Ua16vSFfZgM3wXNa3fLngkgPum600gyloew9XXvu2ByniQqqtxafm7I/mPW\nPd23c9GaJUtGcJHp3/VDE2ObjXXS/V1k8nuKsqH1Hz67Hu3MqtHZZBcLeNKdNrQW\nH8ekWHCus8RHc0GJwVfcixUBIRod6JqF0sklfF0CkFvuKxm2PrP3HRyqm9TSxTNy\nZYRcE0rCtI9enVyKzlBx6T12SDZC63+zzfkzyEseCAJw3D6H5C4b5fG6Gmr3pxHL\nXjzNBeCPjOiEFcMCggEBANfUaA6O7oLT5Zh1uvbwv8yTy+eX6d9+jnKkDTUHk3uq\ntGgrKpkg8qksmr/Xz22sF/nn/ocO1N0TOvA0XQ+cr3ep7Q/DKsNvBZbsFROQYLWt\n06C6IGPOTgLxfEOxtMPo2FkYtvEKqJfI84DTk0Pmlw2gUzMJawx1aR7YTfBa4dpg\nKnACMaieZvHDFap70Hw/MhjLWBxkQD2LkTJ5uCbs41eFe4+xZXr6xtMVv1upen9a\nNN+xE2mnBPubPWZT8MTqa5Vfk/SSkKFHiZ3oiVOI0tWVEP3FvD9XTvjLQK6VkeXQ\nw3DAHoF0soCybmjCWnyE3ibHuegw3MwsfeOIHg+i0qcCggEBALrOh9Dmj5e6Wcb3\npV5EX2+DUetLkelxxof+E/PvYx9Zl6aKvYNyl8nabWZ2DssSxFwb/tLGqQAzgny/\nLGojqrGp5JIsXtpeVBTQKLZcq8GXnvxqSTblyH20jvxMp9s/cbpXALX9IMImyoTS\nXpENiOomAQ5fR/r+uaSeRYvzvikpQjx/NxCSBkzDyYuuIou/UtESIRSPkAYtHjmg\nlA5Vs2I212dQXwIHXiYzTtKKFrYjvLSVkonBxCtqCQFOu7qB6ZQJkQW4IX8i0vt/\nUrKxMX9YmkhQsxgBHg01wRtVs10nEPwCqjwLl1VAnSfKj+iJpR2ytiG8SXpazRWD\nM46oRTECggEATkmBpSY7ZcEu2up5cvFI4RALOmpkLuldCkBvefjRil4VKmPeA8Vr\nv+mqCERjvUhbOg7oyFyc4cQD8PVNfEg9bY55quoELPesc14XFw2bxsrSpM5eyVUf\n/vlRNczT4Owo7ciFM1HGbag6i1QzasHNsOeixjR4XACKrOGRA8ozel6/hfmFwcAT\nX0aAKWLX8PmLVmsL/uBuXOSvOjvkjFoI7MpCU5DpWn50eES/MKR9BozV+P3mKMCo\nkgtxbhiskQDnHTuaE3DGfXnRdTHP/jj3IPn9O8/pxKAKyTwQrkMatN3QxqkpZ5PI\n293dJqq438niOvbffFWdAYJx94J8RPeuqQKCAQAcHZ1FbYYA0b62TITb9uzgqbiq\nUQCWtXSwwHZ1PE7ex/3a9z1IegEPhvHsM5VgTEetBXPKjA8141rV9AVvd17VDai9\nrMuwDgAhddk5rDMoTLvWbPKvnk/E+MJP+Z9u7sjyhTo4KhAoTXpycQKX//ChbLzN\nszigcLnj96cTzI0/RYIfarjeKU5dBorZfDDY/rw76ibPSRBLow/voma6bWnb1EgY\nWym/DpNHlbT1Mw7cIVX8P5jgrC8JlWoOMBClL7eoVbZr24NiNgGxHYFUDSn+KN4+\nvUFbBMLUGetnG+E8wW10Wz93O6Cp9UfIOGDtW9NrLdkzlDYtWYlSKM4WS4Kj\n-----END RSA PRIVATE KEY-----\n",
            "public_key_fingerprint_md5": "8c:26:26:09:fb:21:3e:88:2b:34:17:bc:17:77:08:e5",
            "public_key_openssh": "ssh-rsa AAAAB3NzaC1yc2EAAAADAQABAAACAQDEHECfP4hNEL9+xXxqVHmWDRgF9VFUtluPpS+tcaQOWktlqh6nXim8f/JkxlT/Z+LBV+ZQyDLyfRUCE/BF8JdxWmdaskJFoExHr/YwypkkmWQPLcOoQA5osvl1vg094LIPUeuyUd9VZDGoJraNenZMFUi4Bns1otJ7NKmzF4tqW+zaj+5MaNBpPMkA5cl2RNoe14uA7FRr2K2LBBkiZ75HuCPuMEFqejwqKVmv/vxJZ5UETWzrZgTkpmm62fnsWFJa82ed0pDO+r+CbPT6Rf3bBy2TSBs5wPKKClfYIl6IW5Hdl9egDaPpPq6NRxIF4Gyja/HbuETDq2RgISe0sHWK1Uy6Lwx3YOcSiUxEgFW6n9KtvZLt1rUroA0NJBrxWBSQpwO95LER6DkC2fElwhUAcCxXcuhxWI0D1j3tTVFYSjIkVSJUUFRg+DIIRNVA/RF8QFNInumHW+Bnv75zZK+beizHTCAjWdkHV3E+JysXhzJLKeggsTi1d6Ou4UipgZCnDJTC7YGdQtOGqDyyjIrkvGiWK7QBHGCoeK2Ejx9JugyTprXkXnm7Q7DFNaUwuobW3geEvdkSZAsUFzjVElkAJ3ZCL6YIaEqIfsWbzrQ8T+UvUDuEMbltqY3Vrc80bQC9cDNMWo+z/2zWqrQ7pVNqY3rizwUdNGIR/UFeOmooNQ==\n",
            "public_key_pem": "-----BEGIN PUBLIC KEY-----\nMIICIjANBgkqhkiG9w0BAQEFAAOCAg8AMIICCgKCAgEAxBxAnz+ITRC/fsV8alR5\nlg0YBfVRVLZbj6UvrXGkDlpLZaoep14pvH/yZMZU/2fiwVfmUMgy8n0VAhPwRfCX\ncVpnWrJCRaBMR6/2MMqZJJlkDy3DqEAOaLL5db4NPeCyD1HrslHfVWQxqCa2jXp2\nTBVIuAZ7NaLSezSpsxeLalvs2o/uTGjQaTzJAOXJdkTaHteLgOxUa9itiwQZIme+\nR7gj7jBBano8KilZr/78SWeVBE1s62YE5KZputn57FhSWvNnndKQzvq/gmz0+kX9\n2wctk0gbOcDyigpX2CJeiFuR3ZfXoA2j6T6ujUcSBeBso2vx27hEw6tkYCEntLB1\nitVMui8Md2DnEolMRIBVup/Srb2S7da1K6ANDSQa8VgUkKcDveSxEeg5AtnxJcIV\nAHAsV3LocViNA9Y97U1RWEoyJFUiVFBUYPgyCETVQP0RfEBTSJ7ph1vgZ7++c2Sv\nm3osx0wgI1nZB1dxPicrF4cySynoILE4tXejruFIqYGQpwyUwu2BnULThqg8soyK\n5Lxoliu0ARxgqHithI8fSboMk6a15F55u0OwxTWlMLqG1t4HhL3ZEmQLFBc41RJZ\nACd2Qi+mCGhKiH7Fm860PE/lL1A7hDG5bamN1a3PNG0AvXAzTFqPs/9s1qq0O6VT\namN64s8FHTRiEf1BXjpqKDUCAwEAAQ==\n-----END PUBLIC KEY-----\n",
            "rsa_bits": 4096
          },
          "sensitive_attributes": [],
          "private": "bnVsbA==",
          "create_before_destroy": true
        }
      ]
    },
    {
      "module": "module.alb-back",
      "mode": "managed",
      "type": "aws_lb",
      "name": "this",
      "provider": "provider[\"registry.terraform.io/hashicorp/aws\"]",
      "instances": [
        {
          "index_key": 0,
          "schema_version": 0,
          "attributes": {
            "access_logs": [
              {
                "bucket": "",
                "enabled": false,
                "prefix": ""
              }
            ],
            "arn": "arn:aws:elasticloadbalancing:us-east-1:477886836737:loadbalancer/app/elb-back/f89e10bd674b7554",
            "arn_suffix": "app/elb-back/f89e10bd674b7554",
            "customer_owned_ipv4_pool": "",
            "desync_mitigation_mode": "defensive",
            "dns_name": "elb-back-471956313.us-east-1.elb.amazonaws.com",
            "drop_invalid_header_fields": false,
            "enable_cross_zone_load_balancing": null,
            "enable_deletion_protection": false,
            "enable_http2": true,
            "enable_waf_fail_open": false,
            "id": "arn:aws:elasticloadbalancing:us-east-1:477886836737:loadbalancer/app/elb-back/f89e10bd674b7554",
            "idle_timeout": 60,
            "internal": false,
            "ip_address_type": "ipv4",
            "load_balancer_type": "application",
            "name": "elb-back",
            "name_prefix": null,
            "security_groups": [
              "sg-03f87fea9ba5b93c1",
              "sg-0a2b7426ef46f52a3"
            ],
            "subnet_mapping": [
              {
                "allocation_id": "",
                "ipv6_address": "",
                "outpost_id": "",
                "private_ipv4_address": "",
                "subnet_id": "subnet-0173f0a065d6239fd"
              },
              {
                "allocation_id": "",
                "ipv6_address": "",
                "outpost_id": "",
                "private_ipv4_address": "",
                "subnet_id": "subnet-0e2620dc0203c3b01"
              }
            ],
            "subnets": [
              "subnet-0173f0a065d6239fd",
              "subnet-0e2620dc0203c3b01"
            ],
            "tags": {
              "Name": "elb-back"
            },
            "tags_all": {
              "Name": "elb-back"
            },
            "timeouts": {
              "create": "10m",
              "delete": "10m",
              "update": "10m"
            },
            "vpc_id": "vpc-04975bc0e19087df1",
            "zone_id": "Z35SXDOTRQ7X7K"
          },
          "sensitive_attributes": [],
          "private": "eyJlMmJmYjczMC1lY2FhLTExZTYtOGY4OC0zNDM2M2JjN2M0YzAiOnsiY3JlYXRlIjo2MDAwMDAwMDAwMDAsImRlbGV0ZSI6NjAwMDAwMDAwMDAwLCJ1cGRhdGUiOjYwMDAwMDAwMDAwMH19",
          "dependencies": [
            "aws_security_group.ssh-allowed",
            "aws_subnet.prod-public-subnet-1",
            "aws_subnet.prod-public-subnet-2",
            "aws_vpc.prod-vpc",
            "aws_security_group.http-allowed"
          ]
        }
      ]
    },
    {
      "module": "module.alb-back",
      "mode": "managed",
      "type": "aws_lb_listener",
      "name": "frontend_http_tcp",
      "provider": "provider[\"registry.terraform.io/hashicorp/aws\"]",
      "instances": [
        {
          "index_key": 0,
          "schema_version": 0,
          "attributes": {
            "alpn_policy": null,
            "arn": "arn:aws:elasticloadbalancing:us-east-1:477886836737:listener/app/elb-back/f89e10bd674b7554/558f58caa4a3ab78",
            "certificate_arn": null,
            "default_action": [
              {
                "authenticate_cognito": [],
                "authenticate_oidc": [],
                "fixed_response": [],
                "forward": [],
                "order": 1,
                "redirect": [],
                "target_group_arn": "arn:aws:elasticloadbalancing:us-east-1:477886836737:targetgroup/pref-20220103212731405800000002/93bc1d8ea153b18b",
                "type": "forward"
              }
            ],
            "id": "arn:aws:elasticloadbalancing:us-east-1:477886836737:listener/app/elb-back/f89e10bd674b7554/558f58caa4a3ab78",
            "load_balancer_arn": "arn:aws:elasticloadbalancing:us-east-1:477886836737:loadbalancer/app/elb-back/f89e10bd674b7554",
            "port": 80,
            "protocol": "HTTP",
            "ssl_policy": "",
            "tags": {},
            "tags_all": {},
            "timeouts": null
          },
          "sensitive_attributes": [],
          "private": "eyJlMmJmYjczMC1lY2FhLTExZTYtOGY4OC0zNDM2M2JjN2M0YzAiOnsicmVhZCI6NjAwMDAwMDAwMDAwfX0=",
          "dependencies": [
            "aws_security_group.http-allowed",
            "aws_security_group.ssh-allowed",
            "aws_subnet.prod-public-subnet-1",
            "aws_subnet.prod-public-subnet-2",
            "aws_vpc.prod-vpc",
            "module.alb-back.aws_lb.this",
            "module.alb-back.aws_lb_target_group.main"
          ]
        }
      ]
    },
    {
      "module": "module.alb-back",
      "mode": "managed",
      "type": "aws_lb_target_group",
      "name": "main",
      "provider": "provider[\"registry.terraform.io/hashicorp/aws\"]",
      "instances": [
        {
          "index_key": 0,
          "schema_version": 0,
          "attributes": {
            "arn": "arn:aws:elasticloadbalancing:us-east-1:477886836737:targetgroup/pref-20220103212731405800000002/93bc1d8ea153b18b",
            "arn_suffix": "targetgroup/pref-20220103212731405800000002/93bc1d8ea153b18b",
            "connection_termination": false,
            "deregistration_delay": "300",
            "health_check": [
              {
                "enabled": true,
                "healthy_threshold": 5,
                "interval": 30,
                "matcher": "200",
                "path": "/",
                "port": "traffic-port",
                "protocol": "HTTP",
                "timeout": 5,
                "unhealthy_threshold": 2
              }
            ],
            "id": "arn:aws:elasticloadbalancing:us-east-1:477886836737:targetgroup/pref-20220103212731405800000002/93bc1d8ea153b18b",
            "lambda_multi_value_headers_enabled": false,
            "load_balancing_algorithm_type": "round_robin",
            "name": "pref-20220103212731405800000002",
            "name_prefix": "pref-",
            "port": 80,
            "preserve_client_ip": null,
            "protocol": "HTTP",
            "protocol_version": "HTTP1",
            "proxy_protocol_v2": false,
            "slow_start": 0,
            "stickiness": [
              {
                "cookie_duration": 86400,
                "cookie_name": "",
                "enabled": false,
                "type": "lb_cookie"
              }
            ],
            "tags": {
              "Name": "pref-"
            },
            "tags_all": {
              "Name": "pref-"
            },
            "target_type": "instance",
            "vpc_id": "vpc-04975bc0e19087df1"
          },
          "sensitive_attributes": [],
          "private": "bnVsbA==",
          "dependencies": [
            "aws_vpc.prod-vpc"
          ],
          "create_before_destroy": true
        }
      ]
    },
    {
      "module": "module.alb-front",
      "mode": "managed",
      "type": "aws_lb",
      "name": "this",
      "provider": "provider[\"registry.terraform.io/hashicorp/aws\"]",
      "instances": [
        {
          "index_key": 0,
          "schema_version": 0,
          "attributes": {
            "access_logs": [
              {
                "bucket": "",
                "enabled": false,
                "prefix": ""
              }
            ],
            "arn": "arn:aws:elasticloadbalancing:us-east-1:477886836737:loadbalancer/app/elb-front/d0353db282a8b560",
            "arn_suffix": "app/elb-front/d0353db282a8b560",
            "customer_owned_ipv4_pool": "",
            "desync_mitigation_mode": "defensive",
            "dns_name": "elb-front-210751263.us-east-1.elb.amazonaws.com",
            "drop_invalid_header_fields": false,
            "enable_cross_zone_load_balancing": null,
            "enable_deletion_protection": false,
            "enable_http2": true,
            "enable_waf_fail_open": false,
            "id": "arn:aws:elasticloadbalancing:us-east-1:477886836737:loadbalancer/app/elb-front/d0353db282a8b560",
            "idle_timeout": 60,
            "internal": false,
            "ip_address_type": "ipv4",
            "load_balancer_type": "application",
            "name": "elb-front",
            "name_prefix": null,
            "security_groups": [
              "sg-03f87fea9ba5b93c1",
              "sg-0a2b7426ef46f52a3"
            ],
            "subnet_mapping": [
              {
                "allocation_id": "",
                "ipv6_address": "",
                "outpost_id": "",
                "private_ipv4_address": "",
                "subnet_id": "subnet-0173f0a065d6239fd"
              },
              {
                "allocation_id": "",
                "ipv6_address": "",
                "outpost_id": "",
                "private_ipv4_address": "",
                "subnet_id": "subnet-0e2620dc0203c3b01"
              }
            ],
            "subnets": [
              "subnet-0173f0a065d6239fd",
              "subnet-0e2620dc0203c3b01"
            ],
            "tags": {
              "Name": "elb-front"
            },
            "tags_all": {
              "Name": "elb-front"
            },
            "timeouts": {
              "create": "10m",
              "delete": "10m",
              "update": "10m"
            },
            "vpc_id": "vpc-04975bc0e19087df1",
            "zone_id": "Z35SXDOTRQ7X7K"
          },
          "sensitive_attributes": [],
          "private": "eyJlMmJmYjczMC1lY2FhLTExZTYtOGY4OC0zNDM2M2JjN2M0YzAiOnsiY3JlYXRlIjo2MDAwMDAwMDAwMDAsImRlbGV0ZSI6NjAwMDAwMDAwMDAwLCJ1cGRhdGUiOjYwMDAwMDAwMDAwMH19",
          "dependencies": [
            "aws_security_group.http-allowed",
            "aws_security_group.ssh-allowed",
            "aws_subnet.prod-public-subnet-1",
            "aws_subnet.prod-public-subnet-2",
            "aws_vpc.prod-vpc"
          ]
        }
      ]
    },
    {
      "module": "module.alb-front",
      "mode": "managed",
      "type": "aws_lb_listener",
      "name": "frontend_http_tcp",
      "provider": "provider[\"registry.terraform.io/hashicorp/aws\"]",
      "instances": [
        {
          "index_key": 0,
          "schema_version": 0,
          "attributes": {
            "alpn_policy": null,
            "arn": "arn:aws:elasticloadbalancing:us-east-1:477886836737:listener/app/elb-front/d0353db282a8b560/db34744d96a7dfb7",
            "certificate_arn": null,
            "default_action": [
              {
                "authenticate_cognito": [],
                "authenticate_oidc": [],
                "fixed_response": [],
                "forward": [],
                "order": 1,
                "redirect": [],
                "target_group_arn": "arn:aws:elasticloadbalancing:us-east-1:477886836737:targetgroup/pref-20220103200459678600000001/288b91f99fa56b46",
                "type": "forward"
              }
            ],
            "id": "arn:aws:elasticloadbalancing:us-east-1:477886836737:listener/app/elb-front/d0353db282a8b560/db34744d96a7dfb7",
            "load_balancer_arn": "arn:aws:elasticloadbalancing:us-east-1:477886836737:loadbalancer/app/elb-front/d0353db282a8b560",
            "port": 80,
            "protocol": "HTTP",
            "ssl_policy": "",
            "tags": {},
            "tags_all": {},
            "timeouts": null
          },
          "sensitive_attributes": [],
          "private": "eyJlMmJmYjczMC1lY2FhLTExZTYtOGY4OC0zNDM2M2JjN2M0YzAiOnsicmVhZCI6NjAwMDAwMDAwMDAwfX0=",
          "dependencies": [
            "aws_subnet.prod-public-subnet-1",
            "aws_subnet.prod-public-subnet-2",
            "aws_vpc.prod-vpc",
            "module.alb-front.aws_lb.this",
            "module.alb-front.aws_lb_target_group.main",
            "aws_security_group.http-allowed",
            "aws_security_group.ssh-allowed"
          ]
        }
      ]
    },
    {
      "module": "module.alb-front",
      "mode": "managed",
      "type": "aws_lb_target_group",
      "name": "main",
      "provider": "provider[\"registry.terraform.io/hashicorp/aws\"]",
      "instances": [
        {
          "index_key": 0,
          "schema_version": 0,
          "attributes": {
            "arn": "arn:aws:elasticloadbalancing:us-east-1:477886836737:targetgroup/pref-20220103200459678600000001/288b91f99fa56b46",
            "arn_suffix": "targetgroup/pref-20220103200459678600000001/288b91f99fa56b46",
            "connection_termination": false,
            "deregistration_delay": "300",
            "health_check": [
              {
                "enabled": true,
                "healthy_threshold": 5,
                "interval": 30,
                "matcher": "200",
                "path": "/",
                "port": "traffic-port",
                "protocol": "HTTP",
                "timeout": 5,
                "unhealthy_threshold": 2
              }
            ],
            "id": "arn:aws:elasticloadbalancing:us-east-1:477886836737:targetgroup/pref-20220103200459678600000001/288b91f99fa56b46",
            "lambda_multi_value_headers_enabled": false,
            "load_balancing_algorithm_type": "round_robin",
            "name": "pref-20220103200459678600000001",
            "name_prefix": "pref-",
            "port": 80,
            "preserve_client_ip": null,
            "protocol": "HTTP",
            "protocol_version": "HTTP1",
            "proxy_protocol_v2": false,
            "slow_start": 0,
            "stickiness": [
              {
                "cookie_duration": 86400,
                "cookie_name": "",
                "enabled": false,
                "type": "lb_cookie"
              }
            ],
            "tags": {
              "Name": "pref-"
            },
            "tags_all": {
              "Name": "pref-"
            },
            "target_type": "instance",
            "vpc_id": "vpc-04975bc0e19087df1"
          },
          "sensitive_attributes": [],
          "private": "bnVsbA==",
          "dependencies": [
            "aws_vpc.prod-vpc"
          ],
          "create_before_destroy": true
        }
      ]
    }
  ]
}
