{
  "version": 4,
  "terraform_version": "1.0.11",
  "serial": 902,
  "lineage": "5b0b32fc-46cf-0e68-f6ed-dbd27e967f74",
  "outputs": {
    "elb_dns_name": {
      "value": "web-elb-1859414721.us-east-2.elb.amazonaws.com",
      "type": "string"
    }
  },
  "resources": [
    {
      "mode": "managed",
      "type": "aws_internet_gateway",
      "name": "prod-igw",
      "provider": "provider[\"registry.terraform.io/hashicorp/aws\"]",
      "instances": [
        {
          "schema_version": 0,
          "attributes": {
            "arn": "arn:aws:ec2:us-east-2:477886836737:internet-gateway/igw-037f3ed19eb7306ae",
            "id": "igw-037f3ed19eb7306ae",
            "owner_id": "477886836737",
            "tags": {
              "Name": "prod-igw"
            },
            "tags_all": {
              "Name": "prod-igw"
            },
            "vpc_id": "vpc-03751007a472f3907"
          },
          "sensitive_attributes": [],
          "private": "bnVsbA==",
          "dependencies": [
            "aws_vpc.prod-vpc"
          ]
        }
      ]
    },
    {
      "mode": "managed",
      "type": "aws_key_pair",
      "name": "webserver-key",
      "provider": "provider[\"registry.terraform.io/hashicorp/aws\"]",
      "instances": [
        {
          "schema_version": 1,
          "attributes": {
            "arn": "arn:aws:ec2:us-east-2:477886836737:key-pair/webserver-key",
            "fingerprint": "84:8b:ea:7e:98:dc:ea:7e:56:ca:ad:f9:bb:37:19:8d",
            "id": "webserver-key",
            "key_name": "webserver-key",
            "key_name_prefix": "",
            "key_pair_id": "key-053ca303817422ed4",
            "public_key": "ssh-rsa AAAAB3NzaC1yc2EAAAADAQABAAACAQDL0vdYdqMe3UwNiXBGenCxmApLfYoT1jsRyEquMaoERC0o/2m8oMLiq0ElWLSz5N8/AxtFBEvYMmVKMvcCwtHKXwjLfZEIHYp2g3EV96iUC2HEX8bkHs1FilXwb9JV+1qsI7cVodgNJNxNHRNG7CUak4VupO/BwbLI5MhvSGI25oRY/iFqS6qlS53+0y0TS3yYq7/2njJZT1hedD3zA1UP5/SWYyazeRQpX7WLJnqHrjAd1HL7Nts3Ahok+vxdiYGwEErdcMiIDJcZLxpl+nTmsJ64YSi4VsqXpqCJsIMV08IcpNqxDu7RnujiaXxqon3Anf2PuWCT1mNmieccLS7CtTbemVuNETpIXRM7PLzHBteYtM4AaAH12lJKcXMFntE5aeARpv0R+bbQbU67kbhBczEJYyhJPVh1q9cMSY3S1KB/L/Og793AjKg3JQUetPUzOXLNEOUMnq2IjgrCDWdfLKT7gHrJlxii5nSy4tkyYOUaQczi4N6uaF8QX+jgN8bjlaJgSpockuqVqFy4jzTsb/0/GLLlESV09JrJHyoRHD8RSbdPu3VvgECLnFa077wW9eA0BBzvmvL5BqKM3vCNaKL2pGwdFdV5anKdaBYfkGqT6axYhcA3yGKV4d7PqTGjVufkjbhp+YVgbZMNCy36q2Io2KeyIff+vme+RTCDaw==",
            "tags": null,
            "tags_all": {}
          },
          "sensitive_attributes": [],
          "private": "eyJzY2hlbWFfdmVyc2lvbiI6IjEifQ==",
          "dependencies": [
            "tls_private_key.webserver-private-key"
          ]
        }
      ]
    },
    {
      "mode": "managed",
      "type": "aws_route_table",
      "name": "prod-public-crt",
      "provider": "provider[\"registry.terraform.io/hashicorp/aws\"]",
      "instances": [
        {
          "schema_version": 0,
          "attributes": {
            "arn": "arn:aws:ec2:us-east-2:477886836737:route-table/rtb-057a7fc3c08eac7ef",
            "id": "rtb-057a7fc3c08eac7ef",
            "owner_id": "477886836737",
            "propagating_vgws": [],
            "route": [
              {
                "carrier_gateway_id": "",
                "cidr_block": "0.0.0.0/0",
                "destination_prefix_list_id": "",
                "egress_only_gateway_id": "",
                "gateway_id": "igw-037f3ed19eb7306ae",
                "instance_id": "",
                "ipv6_cidr_block": "",
                "local_gateway_id": "",
                "nat_gateway_id": "",
                "network_interface_id": "",
                "transit_gateway_id": "",
                "vpc_endpoint_id": "",
                "vpc_peering_connection_id": ""
              }
            ],
            "tags": {
              "Name": "prod-public-crt"
            },
            "tags_all": {
              "Name": "prod-public-crt"
            },
            "timeouts": null,
            "vpc_id": "vpc-03751007a472f3907"
          },
          "sensitive_attributes": [],
          "private": "eyJlMmJmYjczMC1lY2FhLTExZTYtOGY4OC0zNDM2M2JjN2M0YzAiOnsiY3JlYXRlIjoxMjAwMDAwMDAwMDAsImRlbGV0ZSI6MzAwMDAwMDAwMDAwLCJ1cGRhdGUiOjEyMDAwMDAwMDAwMH19",
          "dependencies": [
            "aws_internet_gateway.prod-igw",
            "aws_vpc.prod-vpc"
          ]
        }
      ]
    },
    {
      "mode": "managed",
      "type": "aws_route_table_association",
      "name": "prod-crta-public-subnet-1",
      "provider": "provider[\"registry.terraform.io/hashicorp/aws\"]",
      "instances": [
        {
          "schema_version": 0,
          "attributes": {
            "gateway_id": "",
            "id": "rtbassoc-0567145894a0fac2a",
            "route_table_id": "rtb-057a7fc3c08eac7ef",
            "subnet_id": "subnet-0bfa56f0dbcb39608"
          },
          "sensitive_attributes": [],
          "private": "bnVsbA==",
          "dependencies": [
            "aws_internet_gateway.prod-igw",
            "aws_route_table.prod-public-crt",
            "aws_subnet.prod-public-subnet-1",
            "aws_vpc.prod-vpc"
          ]
        }
      ]
    },
    {
      "mode": "managed",
      "type": "aws_route_table_association",
      "name": "prod-crta-public-subnet-2",
      "provider": "provider[\"registry.terraform.io/hashicorp/aws\"]",
      "instances": [
        {
          "schema_version": 0,
          "attributes": {
            "gateway_id": "",
            "id": "rtbassoc-0cacfdc3d2eadc851",
            "route_table_id": "rtb-057a7fc3c08eac7ef",
            "subnet_id": "subnet-074b834dc2cafb2cf"
          },
          "sensitive_attributes": [],
          "private": "bnVsbA==",
          "dependencies": [
            "aws_internet_gateway.prod-igw",
            "aws_route_table.prod-public-crt",
            "aws_subnet.prod-public-subnet-2",
            "aws_vpc.prod-vpc"
          ]
        }
      ]
    },
    {
      "mode": "managed",
      "type": "aws_route_table_association",
      "name": "prod-crta-public-subnet-3",
      "provider": "provider[\"registry.terraform.io/hashicorp/aws\"]",
      "instances": [
        {
          "schema_version": 0,
          "attributes": {
            "gateway_id": "",
            "id": "rtbassoc-0f0e3b98e5c886100",
            "route_table_id": "rtb-057a7fc3c08eac7ef",
            "subnet_id": "subnet-0df7d556ed3cadd42"
          },
          "sensitive_attributes": [],
          "private": "bnVsbA==",
          "dependencies": [
            "aws_internet_gateway.prod-igw",
            "aws_route_table.prod-public-crt",
            "aws_subnet.prod-public-subnet-3",
            "aws_vpc.prod-vpc"
          ]
        }
      ]
    },
    {
      "mode": "managed",
      "type": "aws_security_group",
      "name": "elb-http",
      "provider": "provider[\"registry.terraform.io/hashicorp/aws\"]",
      "instances": [
        {
          "schema_version": 1,
          "attributes": {
            "arn": "arn:aws:ec2:us-east-2:477886836737:security-group/sg-0fbcfdfef4bf47a29",
            "description": "Allow HTTP traffic to instances through Elastic Load Balancer",
            "egress": [
              {
                "cidr_blocks": [
                  "0.0.0.0/0"
                ],
                "description": "",
                "from_port": 0,
                "ipv6_cidr_blocks": [],
                "prefix_list_ids": [],
                "protocol": "-1",
                "security_groups": [],
                "self": false,
                "to_port": 0
              }
            ],
            "id": "sg-0fbcfdfef4bf47a29",
            "ingress": [
              {
                "cidr_blocks": [
                  "0.0.0.0/0"
                ],
                "description": "",
                "from_port": 80,
                "ipv6_cidr_blocks": [],
                "prefix_list_ids": [],
                "protocol": "tcp",
                "security_groups": [],
                "self": false,
                "to_port": 80
              }
            ],
            "name": "elb-http",
            "name_prefix": "",
            "owner_id": "477886836737",
            "revoke_rules_on_delete": false,
            "tags": {
              "Name": "Allow HTTP through ELB Security Group"
            },
            "tags_all": {
              "Name": "Allow HTTP through ELB Security Group"
            },
            "timeouts": null,
            "vpc_id": "vpc-03751007a472f3907"
          },
          "sensitive_attributes": [],
          "private": "eyJlMmJmYjczMC1lY2FhLTExZTYtOGY4OC0zNDM2M2JjN2M0YzAiOnsiY3JlYXRlIjo2MDAwMDAwMDAwMDAsImRlbGV0ZSI6OTAwMDAwMDAwMDAwfSwic2NoZW1hX3ZlcnNpb24iOiIxIn0=",
          "dependencies": [
            "aws_vpc.prod-vpc"
          ]
        }
      ]
    },
    {
      "mode": "managed",
      "type": "aws_security_group",
      "name": "http-allowed",
      "provider": "provider[\"registry.terraform.io/hashicorp/aws\"]",
      "instances": [
        {
          "schema_version": 1,
          "attributes": {
            "arn": "arn:aws:ec2:us-east-2:477886836737:security-group/sg-0f1b36bebd0881726",
            "description": "Allow HTTP inbound connections",
            "egress": [
              {
                "cidr_blocks": [
                  "0.0.0.0/0"
                ],
                "description": "",
                "from_port": 0,
                "ipv6_cidr_blocks": [],
                "prefix_list_ids": [],
                "protocol": "-1",
                "security_groups": [],
                "self": false,
                "to_port": 0
              }
            ],
            "id": "sg-0f1b36bebd0881726",
            "ingress": [
              {
                "cidr_blocks": [
                  "0.0.0.0/0"
                ],
                "description": "",
                "from_port": 80,
                "ipv6_cidr_blocks": [],
                "prefix_list_ids": [],
                "protocol": "tcp",
                "security_groups": [],
                "self": false,
                "to_port": 80
              }
            ],
            "name": "allow_http",
            "name_prefix": "",
            "owner_id": "477886836737",
            "revoke_rules_on_delete": false,
            "tags": {
              "Name": "http-allowed"
            },
            "tags_all": {
              "Name": "http-allowed"
            },
            "timeouts": null,
            "vpc_id": "vpc-03751007a472f3907"
          },
          "sensitive_attributes": [],
          "private": "eyJlMmJmYjczMC1lY2FhLTExZTYtOGY4OC0zNDM2M2JjN2M0YzAiOnsiY3JlYXRlIjo2MDAwMDAwMDAwMDAsImRlbGV0ZSI6OTAwMDAwMDAwMDAwfSwic2NoZW1hX3ZlcnNpb24iOiIxIn0=",
          "dependencies": [
            "aws_vpc.prod-vpc"
          ]
        }
      ]
    },
    {
      "mode": "managed",
      "type": "aws_security_group",
      "name": "ssh-allowed",
      "provider": "provider[\"registry.terraform.io/hashicorp/aws\"]",
      "instances": [
        {
          "schema_version": 1,
          "attributes": {
            "arn": "arn:aws:ec2:us-east-2:477886836737:security-group/sg-052e86cd61e1c0f4a",
            "description": "Managed by Terraform",
            "egress": [
              {
                "cidr_blocks": [
                  "0.0.0.0/0"
                ],
                "description": "",
                "from_port": 0,
                "ipv6_cidr_blocks": [],
                "prefix_list_ids": [],
                "protocol": "-1",
                "security_groups": [],
                "self": false,
                "to_port": 0
              }
            ],
            "id": "sg-052e86cd61e1c0f4a",
            "ingress": [
              {
                "cidr_blocks": [
                  "0.0.0.0/0"
                ],
                "description": "",
                "from_port": 22,
                "ipv6_cidr_blocks": [],
                "prefix_list_ids": [],
                "protocol": "tcp",
                "security_groups": [],
                "self": false,
                "to_port": 22
              },
              {
                "cidr_blocks": [
                  "0.0.0.0/0"
                ],
                "description": "",
                "from_port": 80,
                "ipv6_cidr_blocks": [],
                "prefix_list_ids": [],
                "protocol": "tcp",
                "security_groups": [],
                "self": false,
                "to_port": 80
              }
            ],
            "name": "terraform-20211207143354436900000001",
            "name_prefix": "terraform-",
            "owner_id": "477886836737",
            "revoke_rules_on_delete": false,
            "tags": {
              "Name": "ssh-allowed"
            },
            "tags_all": {
              "Name": "ssh-allowed"
            },
            "timeouts": null,
            "vpc_id": "vpc-03751007a472f3907"
          },
          "sensitive_attributes": [],
          "private": "eyJlMmJmYjczMC1lY2FhLTExZTYtOGY4OC0zNDM2M2JjN2M0YzAiOnsiY3JlYXRlIjo2MDAwMDAwMDAwMDAsImRlbGV0ZSI6OTAwMDAwMDAwMDAwfSwic2NoZW1hX3ZlcnNpb24iOiIxIn0=",
          "dependencies": [
            "aws_vpc.prod-vpc"
          ]
        }
      ]
    },
    {
      "mode": "managed",
      "type": "aws_subnet",
      "name": "prod-public-subnet-1",
      "provider": "provider[\"registry.terraform.io/hashicorp/aws\"]",
      "instances": [
        {
          "schema_version": 1,
          "attributes": {
            "arn": "arn:aws:ec2:us-east-2:477886836737:subnet/subnet-0bfa56f0dbcb39608",
            "assign_ipv6_address_on_creation": false,
            "availability_zone": "us-east-2a",
            "availability_zone_id": "use2-az1",
            "cidr_block": "10.0.1.0/24",
            "customer_owned_ipv4_pool": "",
            "id": "subnet-0bfa56f0dbcb39608",
            "ipv6_cidr_block": "",
            "ipv6_cidr_block_association_id": "",
            "map_customer_owned_ip_on_launch": false,
            "map_public_ip_on_launch": true,
            "outpost_arn": "",
            "owner_id": "477886836737",
            "tags": {
              "Name": "prod-public-subnet-1"
            },
            "tags_all": {
              "Name": "prod-public-subnet-1"
            },
            "timeouts": null,
            "vpc_id": "vpc-03751007a472f3907"
          },
          "sensitive_attributes": [],
          "private": "eyJlMmJmYjczMC1lY2FhLTExZTYtOGY4OC0zNDM2M2JjN2M0YzAiOnsiY3JlYXRlIjo2MDAwMDAwMDAwMDAsImRlbGV0ZSI6MTIwMDAwMDAwMDAwMH0sInNjaGVtYV92ZXJzaW9uIjoiMSJ9",
          "dependencies": [
            "aws_vpc.prod-vpc"
          ]
        }
      ]
    },
    {
      "mode": "managed",
      "type": "aws_subnet",
      "name": "prod-public-subnet-2",
      "provider": "provider[\"registry.terraform.io/hashicorp/aws\"]",
      "instances": [
        {
          "schema_version": 1,
          "attributes": {
            "arn": "arn:aws:ec2:us-east-2:477886836737:subnet/subnet-074b834dc2cafb2cf",
            "assign_ipv6_address_on_creation": false,
            "availability_zone": "us-east-2b",
            "availability_zone_id": "use2-az2",
            "cidr_block": "10.0.2.0/24",
            "customer_owned_ipv4_pool": "",
            "id": "subnet-074b834dc2cafb2cf",
            "ipv6_cidr_block": "",
            "ipv6_cidr_block_association_id": "",
            "map_customer_owned_ip_on_launch": false,
            "map_public_ip_on_launch": true,
            "outpost_arn": "",
            "owner_id": "477886836737",
            "tags": {
              "Name": "prod-public-subnet-2"
            },
            "tags_all": {
              "Name": "prod-public-subnet-2"
            },
            "timeouts": null,
            "vpc_id": "vpc-03751007a472f3907"
          },
          "sensitive_attributes": [],
          "private": "eyJlMmJmYjczMC1lY2FhLTExZTYtOGY4OC0zNDM2M2JjN2M0YzAiOnsiY3JlYXRlIjo2MDAwMDAwMDAwMDAsImRlbGV0ZSI6MTIwMDAwMDAwMDAwMH0sInNjaGVtYV92ZXJzaW9uIjoiMSJ9",
          "dependencies": [
            "aws_vpc.prod-vpc"
          ]
        }
      ]
    },
    {
      "mode": "managed",
      "type": "aws_subnet",
      "name": "prod-public-subnet-3",
      "provider": "provider[\"registry.terraform.io/hashicorp/aws\"]",
      "instances": [
        {
          "schema_version": 1,
          "attributes": {
            "arn": "arn:aws:ec2:us-east-2:477886836737:subnet/subnet-0df7d556ed3cadd42",
            "assign_ipv6_address_on_creation": false,
            "availability_zone": "us-east-2c",
            "availability_zone_id": "use2-az3",
            "cidr_block": "10.0.3.0/24",
            "customer_owned_ipv4_pool": "",
            "id": "subnet-0df7d556ed3cadd42",
            "ipv6_cidr_block": "",
            "ipv6_cidr_block_association_id": "",
            "map_customer_owned_ip_on_launch": false,
            "map_public_ip_on_launch": true,
            "outpost_arn": "",
            "owner_id": "477886836737",
            "tags": {
              "Name": "prod-public-subnet-3"
            },
            "tags_all": {
              "Name": "prod-public-subnet-3"
            },
            "timeouts": null,
            "vpc_id": "vpc-03751007a472f3907"
          },
          "sensitive_attributes": [],
          "private": "eyJlMmJmYjczMC1lY2FhLTExZTYtOGY4OC0zNDM2M2JjN2M0YzAiOnsiY3JlYXRlIjo2MDAwMDAwMDAwMDAsImRlbGV0ZSI6MTIwMDAwMDAwMDAwMH0sInNjaGVtYV92ZXJzaW9uIjoiMSJ9",
          "dependencies": [
            "aws_vpc.prod-vpc"
          ]
        }
      ]
    },
    {
      "mode": "managed",
      "type": "aws_vpc",
      "name": "prod-vpc",
      "provider": "provider[\"registry.terraform.io/hashicorp/aws\"]",
      "instances": [
        {
          "schema_version": 1,
          "attributes": {
            "arn": "arn:aws:ec2:us-east-2:477886836737:vpc/vpc-03751007a472f3907",
            "assign_generated_ipv6_cidr_block": false,
            "cidr_block": "10.0.0.0/16",
            "default_network_acl_id": "acl-0c584e941bdc21f6b",
            "default_route_table_id": "rtb-04d980b4ab11df7cc",
            "default_security_group_id": "sg-0913767774b44fa71",
            "dhcp_options_id": "dopt-05301457ee727dda7",
            "enable_classiclink": false,
            "enable_classiclink_dns_support": null,
            "enable_dns_hostnames": true,
            "enable_dns_support": true,
            "id": "vpc-03751007a472f3907",
            "instance_tenancy": "default",
            "ipv6_association_id": "",
            "ipv6_cidr_block": "",
            "main_route_table_id": "rtb-04d980b4ab11df7cc",
            "owner_id": "477886836737",
            "tags": {
              "Name": "prod-vpc"
            },
            "tags_all": {
              "Name": "prod-vpc"
            }
          },
          "sensitive_attributes": [],
          "private": "eyJzY2hlbWFfdmVyc2lvbiI6IjEifQ==",
          "create_before_destroy": true
        }
      ]
    },
    {
      "mode": "managed",
      "type": "local_file",
      "name": "private-key",
      "provider": "provider[\"registry.terraform.io/hashicorp/local\"]",
      "instances": [
        {
          "schema_version": 0,
          "attributes": {
            "content": "-----BEGIN RSA PRIVATE KEY-----\nMIIJKQIBAAKCAgEAy9L3WHajHt1MDYlwRnpwsZgKS32KE9Y7EchKrjGqBEQtKP9p\nvKDC4qtBJVi0s+TfPwMbRQRL2DJlSjL3AsLRyl8Iy32RCB2KdoNxFfeolAthxF/G\n5B7NRYpV8G/SVftarCO3FaHYDSTcTR0TRuwlGpOFbqTvwcGyyOTIb0hiNuaEWP4h\nakuqpUud/tMtE0t8mKu/9p4yWU9YXnQ98wNVD+f0lmMms3kUKV+1iyZ6h64wHdRy\n+zbbNwIaJPr8XYmBsBBK3XDIiAyXGS8aZfp05rCeuGEouFbKl6agibCDFdPCHKTa\nsQ7u0Z7o4ml8aqJ9wJ39j7lgk9ZjZonnHC0uwrU23plbjRE6SF0TOzy8xwbXmLTO\nAGgB9dpSSnFzBZ7ROWngEab9Efm20G1Ou5G4QXMxCWMoST1YdavXDEmN0tSgfy/z\noO/dwIyoNyUFHrT1MzlyzRDlDJ6tiI4Kwg1nXyyk+4B6yZcYouZ0suLZMmDlGkHM\n4uDermhfEF/o4DfG45WiYEqaHJLqlahcuI807G/9Pxiy5REldPSayR8qERw/EUm3\nT7t1b4BAi5xWtO+8FvXgNAQc75ry+QaijN7wjWii9qRsHRXVeWpynWgWH5Bqk+ms\nWIXAN8hileHez6kxo1bn5I24afmFYG2TDQst+qtiKNinsiH3/r5nvkUwg2sCAwEA\nAQKCAgAiEIMoNMO0X9XbGVI7ZTE6bSejUDrob9B1e10H2eMJTX+ir3Uzgkav7WE4\n5adlvWWWOWWwVjR60IlfKj9gJcE8Kj/lCnpXueAvSG549mglPfW8BSnPbFpwOdt9\nEKM9nYGc7Wcm5WKfZ76t4KMdIlBdLbSKNmSfpEjGDH53IsjPVh1eZjKdekHt2EJy\nmUaaR+5t8Z5mkC/n/zvMpW7JE5B+1Qxqqe2I5z54X7eOpwKpdHI0OhJxa8ydV+uY\nrJ3K4DVdgIuSkMvi+P+zxMyLqJ0rBO+x7wMIM/EuATopaOevmTGC6gZmuxEs1Xsk\ng+64P6n2rDD5eUjrzFPWikumyOJcebDNbDPnN36aiuKrkUC2lS0nVg1Me8OZCvbB\njp4nK1DFZno49q5d6NXb5Fdan9xYeRCGFxjJzYQ2Ab0d5+Mm6A4cqJgX5CZuGcl6\np9Ykk2pl2qaG2p/Lu478hgyXq2Vt0SHEyNhTnfUOkaHK7rPvbxqi5t8LnMkivGIC\nadgJrd+XgDd8cS62aaQq01lwPGFA0esrQolnl/uCklE5HD5zLKL/gpzFY/iF0mE3\npeuyBvXxO0+HZr5AxTn0neWXV4+cbLXA24a2wz5AI9KslAkpshgqLN30Tx8sUkJI\nCF201zExE6UhGYiqIDaMY7CR0JkUsGAQN5FTdTSjFvlvTjXQgQKCAQEA9Zu5HbWt\nq4DICfc1+IMAOoE6aKij2VHZgfnjoEXYZgEaXJSqr5TNDP5wLtsHv9J34FSrEeMr\nj8G8niWje2EeNr6Ae+VJzhW3HKBX8+bTL4XIZOkGk4XWkcQbyIdOh9i1St6SLkxT\nM4o3wroq/pNRCp6xHW2YXeks4arPzqIdKOQE70CycaAwPVr5hmru+t8+5+bXp0bZ\njRhFbQfONIe30TsVbozOGNSpsQqGhalugptiF6skN+e5moKeTNaqWvI3lXhbyKR3\n6SuPpAWYCs3bm/TTNtAksADXXIZ4e9r2groZiZge14VDqTK4tG9aA5EW8hyRVLSw\n7IARYSfqrUQNQQKCAQEA1HKplbNlRCpvz+oEGYR0sV8e/+m/uc73kR8+U7gbunBS\n3PgFmTVBpdYotLwih+aTAzCHjjqB0pBacUHiOdPTCwJNc9V8o6fG3g4sDpQPUuGE\nGElTSF7+EJZ/PCxlGeCgVTLWvLYPNzPoVJefUqQ1dDywBO/0wu+IpIiS16oDW7Sh\nRylz3i9K0kN5dX7N0GoH3NY4AOoLJ/wEaUPCq9GlKI9x06IsiqxS14feux5OYYkh\neXocb5chTkapTtCxqc+7C0ekzwdIMwVQfvTyUo9w9urX1jhJUAWN3vSsMJ1gwqpM\nGifnliNblS+m/jrTj3rsJotkVowGRK6Kw63bsExpqwKCAQEAsPWRC/HhfmccOenu\n7e3dFUoUvmF7JFJPx9E3CzwnrV7wEnJfBIDOuKT+SRQw4imPi4cVdp7ZvQsWjk+K\nGZQgw8rAIgRTB/Qnaa2xkR7nXB8lAmfPAC13KrFEX1f14fTmslnoswj1DXZxtJCT\n97ZGtsMd05kqJceiObnrXfL51YNsdsGDkFCdUSeiDxIuu3xsA4QULwbiKkGpi+QK\n01hRvaO3Tl6PA979oHx37gfkgp/Xrjv1rX39AXFJAw3L0hkgqUX9w3OUneBv7vrE\n0EwABb8BC0YumM0SXizY1EwwPoI9ciCzYA85b8gGwqJUFavM/4ZLw98odk3Tt8+d\ny1bzwQKCAQAmB/C7z8WNElu5yJa7Sq7pIbIW9e1QgfBnlkQ+EHNGSN1MmUnHR3Vd\nDp1y3UsBMRGYPJPHrkmXPCg0piqtV3IsQllDJzCMy3gaQEc6xN6JY72V62pxRjAN\nICPezcO7gi6xkcxHNAA9TZmFqy7mSGcZS9Pmzl3ul5rKeXhwCwtW21sTtiP73lNy\nmImhsvV9Hb4SlnaoEz20BrVzcqHiyEDcpfEmhZ2bpYWe97+zl5VIeJf5exakE1Xv\nAU9FwK5NS9acClNCjHcsSwNB9u96QBtk2F2TB7h4DsZ65yn7+fBcaMf+1q3qfqHi\nbwlh8X317Xdg3wszQxXMLcLBjNoLEWLJAoIBAQDISMsYyzJ/LTLxK2VUHyWolgak\nnQcExczRd0Nmk5AksjWZDDXLHamjzGyi2zuIBri2EB7tqlnczMAfuSRnQl1jBGIr\nnAYYDKRWzB4ygTLDGRTakYzp9vEMJBWGS9QYgqCokjYpT2d+2ScNUu6VXhLmkWB4\neP7cgwyPfiUyAsfGsMqv+m86JRbvMQ2LiFx083y/O/kDBQAXBvSKXwqtGHpcHm4W\n5gAnD35ay0Uhnfyj6k0Ob/MtciDqqWe+7bfahOqef+80RF5TVJ7ftL+iM6tO8UeY\nqRHHXRJlk05Rp/+ZEtD1dMb+YFm4ETtUkivlVyIFVthnFb7ERqA8l9wHo4G0\n-----END RSA PRIVATE KEY-----\n",
            "content_base64": null,
            "directory_permission": "0777",
            "file_permission": "400",
            "filename": "webserver-key.pem",
            "id": "60147c49d0e3e8c5654879c020fedb74c5d7ff44",
            "sensitive_content": null,
            "source": null
          },
          "sensitive_attributes": [
            [
              {
                "type": "get_attr",
                "value": "content"
              }
            ]
          ],
          "private": "bnVsbA==",
          "dependencies": [
            "tls_private_key.webserver-private-key"
          ]
        }
      ]
    },
    {
      "mode": "managed",
      "type": "tls_private_key",
      "name": "webserver-private-key",
      "provider": "provider[\"registry.terraform.io/hashicorp/tls\"]",
      "instances": [
        {
          "schema_version": 0,
          "attributes": {
            "algorithm": "RSA",
            "ecdsa_curve": "P224",
            "id": "235ab6eb245e51aabd8396e92f9ff29c2812d481",
            "private_key_pem": "-----BEGIN RSA PRIVATE KEY-----\nMIIJKQIBAAKCAgEAy9L3WHajHt1MDYlwRnpwsZgKS32KE9Y7EchKrjGqBEQtKP9p\nvKDC4qtBJVi0s+TfPwMbRQRL2DJlSjL3AsLRyl8Iy32RCB2KdoNxFfeolAthxF/G\n5B7NRYpV8G/SVftarCO3FaHYDSTcTR0TRuwlGpOFbqTvwcGyyOTIb0hiNuaEWP4h\nakuqpUud/tMtE0t8mKu/9p4yWU9YXnQ98wNVD+f0lmMms3kUKV+1iyZ6h64wHdRy\n+zbbNwIaJPr8XYmBsBBK3XDIiAyXGS8aZfp05rCeuGEouFbKl6agibCDFdPCHKTa\nsQ7u0Z7o4ml8aqJ9wJ39j7lgk9ZjZonnHC0uwrU23plbjRE6SF0TOzy8xwbXmLTO\nAGgB9dpSSnFzBZ7ROWngEab9Efm20G1Ou5G4QXMxCWMoST1YdavXDEmN0tSgfy/z\noO/dwIyoNyUFHrT1MzlyzRDlDJ6tiI4Kwg1nXyyk+4B6yZcYouZ0suLZMmDlGkHM\n4uDermhfEF/o4DfG45WiYEqaHJLqlahcuI807G/9Pxiy5REldPSayR8qERw/EUm3\nT7t1b4BAi5xWtO+8FvXgNAQc75ry+QaijN7wjWii9qRsHRXVeWpynWgWH5Bqk+ms\nWIXAN8hileHez6kxo1bn5I24afmFYG2TDQst+qtiKNinsiH3/r5nvkUwg2sCAwEA\nAQKCAgAiEIMoNMO0X9XbGVI7ZTE6bSejUDrob9B1e10H2eMJTX+ir3Uzgkav7WE4\n5adlvWWWOWWwVjR60IlfKj9gJcE8Kj/lCnpXueAvSG549mglPfW8BSnPbFpwOdt9\nEKM9nYGc7Wcm5WKfZ76t4KMdIlBdLbSKNmSfpEjGDH53IsjPVh1eZjKdekHt2EJy\nmUaaR+5t8Z5mkC/n/zvMpW7JE5B+1Qxqqe2I5z54X7eOpwKpdHI0OhJxa8ydV+uY\nrJ3K4DVdgIuSkMvi+P+zxMyLqJ0rBO+x7wMIM/EuATopaOevmTGC6gZmuxEs1Xsk\ng+64P6n2rDD5eUjrzFPWikumyOJcebDNbDPnN36aiuKrkUC2lS0nVg1Me8OZCvbB\njp4nK1DFZno49q5d6NXb5Fdan9xYeRCGFxjJzYQ2Ab0d5+Mm6A4cqJgX5CZuGcl6\np9Ykk2pl2qaG2p/Lu478hgyXq2Vt0SHEyNhTnfUOkaHK7rPvbxqi5t8LnMkivGIC\nadgJrd+XgDd8cS62aaQq01lwPGFA0esrQolnl/uCklE5HD5zLKL/gpzFY/iF0mE3\npeuyBvXxO0+HZr5AxTn0neWXV4+cbLXA24a2wz5AI9KslAkpshgqLN30Tx8sUkJI\nCF201zExE6UhGYiqIDaMY7CR0JkUsGAQN5FTdTSjFvlvTjXQgQKCAQEA9Zu5HbWt\nq4DICfc1+IMAOoE6aKij2VHZgfnjoEXYZgEaXJSqr5TNDP5wLtsHv9J34FSrEeMr\nj8G8niWje2EeNr6Ae+VJzhW3HKBX8+bTL4XIZOkGk4XWkcQbyIdOh9i1St6SLkxT\nM4o3wroq/pNRCp6xHW2YXeks4arPzqIdKOQE70CycaAwPVr5hmru+t8+5+bXp0bZ\njRhFbQfONIe30TsVbozOGNSpsQqGhalugptiF6skN+e5moKeTNaqWvI3lXhbyKR3\n6SuPpAWYCs3bm/TTNtAksADXXIZ4e9r2groZiZge14VDqTK4tG9aA5EW8hyRVLSw\n7IARYSfqrUQNQQKCAQEA1HKplbNlRCpvz+oEGYR0sV8e/+m/uc73kR8+U7gbunBS\n3PgFmTVBpdYotLwih+aTAzCHjjqB0pBacUHiOdPTCwJNc9V8o6fG3g4sDpQPUuGE\nGElTSF7+EJZ/PCxlGeCgVTLWvLYPNzPoVJefUqQ1dDywBO/0wu+IpIiS16oDW7Sh\nRylz3i9K0kN5dX7N0GoH3NY4AOoLJ/wEaUPCq9GlKI9x06IsiqxS14feux5OYYkh\neXocb5chTkapTtCxqc+7C0ekzwdIMwVQfvTyUo9w9urX1jhJUAWN3vSsMJ1gwqpM\nGifnliNblS+m/jrTj3rsJotkVowGRK6Kw63bsExpqwKCAQEAsPWRC/HhfmccOenu\n7e3dFUoUvmF7JFJPx9E3CzwnrV7wEnJfBIDOuKT+SRQw4imPi4cVdp7ZvQsWjk+K\nGZQgw8rAIgRTB/Qnaa2xkR7nXB8lAmfPAC13KrFEX1f14fTmslnoswj1DXZxtJCT\n97ZGtsMd05kqJceiObnrXfL51YNsdsGDkFCdUSeiDxIuu3xsA4QULwbiKkGpi+QK\n01hRvaO3Tl6PA979oHx37gfkgp/Xrjv1rX39AXFJAw3L0hkgqUX9w3OUneBv7vrE\n0EwABb8BC0YumM0SXizY1EwwPoI9ciCzYA85b8gGwqJUFavM/4ZLw98odk3Tt8+d\ny1bzwQKCAQAmB/C7z8WNElu5yJa7Sq7pIbIW9e1QgfBnlkQ+EHNGSN1MmUnHR3Vd\nDp1y3UsBMRGYPJPHrkmXPCg0piqtV3IsQllDJzCMy3gaQEc6xN6JY72V62pxRjAN\nICPezcO7gi6xkcxHNAA9TZmFqy7mSGcZS9Pmzl3ul5rKeXhwCwtW21sTtiP73lNy\nmImhsvV9Hb4SlnaoEz20BrVzcqHiyEDcpfEmhZ2bpYWe97+zl5VIeJf5exakE1Xv\nAU9FwK5NS9acClNCjHcsSwNB9u96QBtk2F2TB7h4DsZ65yn7+fBcaMf+1q3qfqHi\nbwlh8X317Xdg3wszQxXMLcLBjNoLEWLJAoIBAQDISMsYyzJ/LTLxK2VUHyWolgak\nnQcExczRd0Nmk5AksjWZDDXLHamjzGyi2zuIBri2EB7tqlnczMAfuSRnQl1jBGIr\nnAYYDKRWzB4ygTLDGRTakYzp9vEMJBWGS9QYgqCokjYpT2d+2ScNUu6VXhLmkWB4\neP7cgwyPfiUyAsfGsMqv+m86JRbvMQ2LiFx083y/O/kDBQAXBvSKXwqtGHpcHm4W\n5gAnD35ay0Uhnfyj6k0Ob/MtciDqqWe+7bfahOqef+80RF5TVJ7ftL+iM6tO8UeY\nqRHHXRJlk05Rp/+ZEtD1dMb+YFm4ETtUkivlVyIFVthnFb7ERqA8l9wHo4G0\n-----END RSA PRIVATE KEY-----\n",
            "public_key_fingerprint_md5": "ea:5f:53:62:1c:fc:97:8f:18:bb:18:ef:b7:4e:bf:74",
            "public_key_openssh": "ssh-rsa AAAAB3NzaC1yc2EAAAADAQABAAACAQDL0vdYdqMe3UwNiXBGenCxmApLfYoT1jsRyEquMaoERC0o/2m8oMLiq0ElWLSz5N8/AxtFBEvYMmVKMvcCwtHKXwjLfZEIHYp2g3EV96iUC2HEX8bkHs1FilXwb9JV+1qsI7cVodgNJNxNHRNG7CUak4VupO/BwbLI5MhvSGI25oRY/iFqS6qlS53+0y0TS3yYq7/2njJZT1hedD3zA1UP5/SWYyazeRQpX7WLJnqHrjAd1HL7Nts3Ahok+vxdiYGwEErdcMiIDJcZLxpl+nTmsJ64YSi4VsqXpqCJsIMV08IcpNqxDu7RnujiaXxqon3Anf2PuWCT1mNmieccLS7CtTbemVuNETpIXRM7PLzHBteYtM4AaAH12lJKcXMFntE5aeARpv0R+bbQbU67kbhBczEJYyhJPVh1q9cMSY3S1KB/L/Og793AjKg3JQUetPUzOXLNEOUMnq2IjgrCDWdfLKT7gHrJlxii5nSy4tkyYOUaQczi4N6uaF8QX+jgN8bjlaJgSpockuqVqFy4jzTsb/0/GLLlESV09JrJHyoRHD8RSbdPu3VvgECLnFa077wW9eA0BBzvmvL5BqKM3vCNaKL2pGwdFdV5anKdaBYfkGqT6axYhcA3yGKV4d7PqTGjVufkjbhp+YVgbZMNCy36q2Io2KeyIff+vme+RTCDaw==\n",
            "public_key_pem": "-----BEGIN PUBLIC KEY-----\nMIICIjANBgkqhkiG9w0BAQEFAAOCAg8AMIICCgKCAgEAy9L3WHajHt1MDYlwRnpw\nsZgKS32KE9Y7EchKrjGqBEQtKP9pvKDC4qtBJVi0s+TfPwMbRQRL2DJlSjL3AsLR\nyl8Iy32RCB2KdoNxFfeolAthxF/G5B7NRYpV8G/SVftarCO3FaHYDSTcTR0TRuwl\nGpOFbqTvwcGyyOTIb0hiNuaEWP4hakuqpUud/tMtE0t8mKu/9p4yWU9YXnQ98wNV\nD+f0lmMms3kUKV+1iyZ6h64wHdRy+zbbNwIaJPr8XYmBsBBK3XDIiAyXGS8aZfp0\n5rCeuGEouFbKl6agibCDFdPCHKTasQ7u0Z7o4ml8aqJ9wJ39j7lgk9ZjZonnHC0u\nwrU23plbjRE6SF0TOzy8xwbXmLTOAGgB9dpSSnFzBZ7ROWngEab9Efm20G1Ou5G4\nQXMxCWMoST1YdavXDEmN0tSgfy/zoO/dwIyoNyUFHrT1MzlyzRDlDJ6tiI4Kwg1n\nXyyk+4B6yZcYouZ0suLZMmDlGkHM4uDermhfEF/o4DfG45WiYEqaHJLqlahcuI80\n7G/9Pxiy5REldPSayR8qERw/EUm3T7t1b4BAi5xWtO+8FvXgNAQc75ry+QaijN7w\njWii9qRsHRXVeWpynWgWH5Bqk+msWIXAN8hileHez6kxo1bn5I24afmFYG2TDQst\n+qtiKNinsiH3/r5nvkUwg2sCAwEAAQ==\n-----END PUBLIC KEY-----\n",
            "rsa_bits": 4096
          },
          "sensitive_attributes": [],
          "private": "bnVsbA=="
        }
      ]
    },
    {
      "module": "module.alb",
      "mode": "managed",
      "type": "aws_lb",
      "name": "this",
      "provider": "provider[\"registry.terraform.io/hashicorp/aws\"]",
      "instances": [
        {
          "index_key": 0,
          "schema_version": 0,
          "attributes": {
            "access_logs": [
              {
                "bucket": "",
                "enabled": false,
                "prefix": ""
              }
            ],
            "arn": "arn:aws:elasticloadbalancing:us-east-2:477886836737:loadbalancer/app/web-elb/ee6804ab5ad3982a",
            "arn_suffix": "app/web-elb/ee6804ab5ad3982a",
            "customer_owned_ipv4_pool": "",
            "desync_mitigation_mode": "defensive",
            "dns_name": "web-elb-1859414721.us-east-2.elb.amazonaws.com",
            "drop_invalid_header_fields": false,
            "enable_cross_zone_load_balancing": null,
            "enable_deletion_protection": false,
            "enable_http2": true,
            "enable_waf_fail_open": false,
            "id": "arn:aws:elasticloadbalancing:us-east-2:477886836737:loadbalancer/app/web-elb/ee6804ab5ad3982a",
            "idle_timeout": 60,
            "internal": false,
            "ip_address_type": "ipv4",
            "load_balancer_type": "application",
            "name": "web-elb",
            "name_prefix": null,
            "security_groups": [
              "sg-052e86cd61e1c0f4a",
              "sg-0f1b36bebd0881726"
            ],
            "subnet_mapping": [
              {
                "allocation_id": "",
                "ipv6_address": "",
                "outpost_id": "",
                "private_ipv4_address": "",
                "subnet_id": "subnet-074b834dc2cafb2cf"
              },
              {
                "allocation_id": "",
                "ipv6_address": "",
                "outpost_id": "",
                "private_ipv4_address": "",
                "subnet_id": "subnet-0bfa56f0dbcb39608"
              }
            ],
            "subnets": [
              "subnet-074b834dc2cafb2cf",
              "subnet-0bfa56f0dbcb39608"
            ],
            "tags": {
              "Name": "web-elb"
            },
            "tags_all": {
              "Name": "web-elb"
            },
            "timeouts": {
              "create": "10m",
              "delete": "10m",
              "update": "10m"
            },
            "vpc_id": "vpc-03751007a472f3907",
            "zone_id": "Z3AADJGX6KTTL2"
          },
          "sensitive_attributes": [],
          "private": "eyJlMmJmYjczMC1lY2FhLTExZTYtOGY4OC0zNDM2M2JjN2M0YzAiOnsiY3JlYXRlIjo2MDAwMDAwMDAwMDAsImRlbGV0ZSI6NjAwMDAwMDAwMDAwLCJ1cGRhdGUiOjYwMDAwMDAwMDAwMH19",
          "dependencies": [
            "aws_security_group.http-allowed",
            "aws_security_group.ssh-allowed",
            "aws_subnet.prod-public-subnet-1",
            "aws_subnet.prod-public-subnet-2",
            "aws_vpc.prod-vpc"
          ]
        }
      ]
    },
    {
      "module": "module.alb",
      "mode": "managed",
      "type": "aws_lb_listener",
      "name": "frontend_http_tcp",
      "provider": "provider[\"registry.terraform.io/hashicorp/aws\"]",
      "instances": [
        {
          "index_key": 0,
          "schema_version": 0,
          "attributes": {
            "alpn_policy": null,
            "arn": "arn:aws:elasticloadbalancing:us-east-2:477886836737:listener/app/web-elb/ee6804ab5ad3982a/82752bd359048582",
            "certificate_arn": null,
            "default_action": [
              {
                "authenticate_cognito": [],
                "authenticate_oidc": [],
                "fixed_response": [],
                "forward": [],
                "order": 1,
                "redirect": [],
                "target_group_arn": "arn:aws:elasticloadbalancing:us-east-2:477886836737:targetgroup/pref-20211207143354439000000002/6055da5120ad3c1d",
                "type": "forward"
              }
            ],
            "id": "arn:aws:elasticloadbalancing:us-east-2:477886836737:listener/app/web-elb/ee6804ab5ad3982a/82752bd359048582",
            "load_balancer_arn": "arn:aws:elasticloadbalancing:us-east-2:477886836737:loadbalancer/app/web-elb/ee6804ab5ad3982a",
            "port": 80,
            "protocol": "HTTP",
            "ssl_policy": "",
            "tags": null,
            "tags_all": {},
            "timeouts": null
          },
          "sensitive_attributes": [],
          "private": "eyJlMmJmYjczMC1lY2FhLTExZTYtOGY4OC0zNDM2M2JjN2M0YzAiOnsicmVhZCI6NjAwMDAwMDAwMDAwfX0=",
          "dependencies": [
            "aws_security_group.http-allowed",
            "aws_security_group.ssh-allowed",
            "aws_subnet.prod-public-subnet-1",
            "aws_subnet.prod-public-subnet-2",
            "aws_vpc.prod-vpc",
            "module.alb.aws_lb.this",
            "module.alb.aws_lb_target_group.main"
          ]
        }
      ]
    },
    {
      "module": "module.alb",
      "mode": "managed",
      "type": "aws_lb_target_group",
      "name": "main",
      "provider": "provider[\"registry.terraform.io/hashicorp/aws\"]",
      "instances": [
        {
          "index_key": 0,
          "schema_version": 0,
          "attributes": {
            "arn": "arn:aws:elasticloadbalancing:us-east-2:477886836737:targetgroup/pref-20211207143354439000000002/6055da5120ad3c1d",
            "arn_suffix": "targetgroup/pref-20211207143354439000000002/6055da5120ad3c1d",
            "deregistration_delay": "300",
            "health_check": [
              {
                "enabled": true,
                "healthy_threshold": 5,
                "interval": 30,
                "matcher": "200",
                "path": "/",
                "port": "traffic-port",
                "protocol": "HTTP",
                "timeout": 5,
                "unhealthy_threshold": 2
              }
            ],
            "id": "arn:aws:elasticloadbalancing:us-east-2:477886836737:targetgroup/pref-20211207143354439000000002/6055da5120ad3c1d",
            "lambda_multi_value_headers_enabled": false,
            "load_balancing_algorithm_type": "round_robin",
            "name": "pref-20211207143354439000000002",
            "name_prefix": "pref-",
            "port": 80,
            "preserve_client_ip": null,
            "protocol": "HTTP",
            "protocol_version": "HTTP1",
            "proxy_protocol_v2": false,
            "slow_start": 0,
            "stickiness": [
              {
                "cookie_duration": 86400,
                "cookie_name": "",
                "enabled": false,
                "type": "lb_cookie"
              }
            ],
            "tags": {
              "Name": "pref-"
            },
            "tags_all": {
              "Name": "pref-"
            },
            "target_type": "instance",
            "vpc_id": "vpc-03751007a472f3907"
          },
          "sensitive_attributes": [],
          "private": "bnVsbA==",
          "dependencies": [
            "aws_vpc.prod-vpc"
          ],
          "create_before_destroy": true
        }
      ]
    }
  ]
}
