{
  "version": 4,
  "terraform_version": "1.1.2",
  "serial": 106,
  "lineage": "912c9703-d03d-db79-d279-4dd6f5a04544",
  "outputs": {
    "elb_dns_back_name": {
      "value": "elb-back-1507888814.us-east-1.elb.amazonaws.com",
      "type": "string"
    },
    "elb_dns_front_name": {
      "value": "elb-front-1339527742.us-east-1.elb.amazonaws.com",
      "type": "string"
    }
  },
  "resources": [
    {
      "mode": "data",
      "type": "template_file",
      "name": "init",
      "provider": "provider[\"registry.terraform.io/hashicorp/template\"]",
      "instances": [
        {
          "schema_version": 0,
          "attributes": {
            "filename": null,
            "id": "8c647a67fd1343bad64619cdf9dd15d9e0fa67c3081ab1d7aed18a9c3c1c66b6",
            "rendered": "#!/bin/bash\r\n\r\ncurl -o- https://raw.githubusercontent.com/nvm-sh/nvm/v0.39.1/install.sh | bash\r\nsource ~/.bashrc\r\n\r\nsudo apt-get update -y\r\n\r\nsudo apt-get install npm -y\r\n\r\ngit clone https://github.com/GondorSigl2022/SOAR.git\r\n\r\ncd SOAR/plateform2/frontend\r\n\r\necho \"REACT_APP_BACKEND_URI=elb-back-1507888814.us-east-1.elb.amazonaws.com\" \u003e .env\r\n\r\nexport REACT_APP_BACKEND_URI=elb-back-1507888814.us-east-1.elb.amazonaws.com\r\n\r\nnvm install\r\nnvm use\r\nnpm i --no-save\r\nsudo PORT=80 npm run start\r\n\r\n# cd /home/ubuntu/\r\n\r\n# sudo apt-get update\r\n# sudo apt-get install npm -y\r\n\r\n# curl -fsSL https://deb.nodesource.com/setup_current.x | sudo -E bash -\r\n# sudo apt-get install -y nodejs\r\n\r\n# git clone https://github.com/GondorSigl2022/frontend-SOAR.git\r\n\r\n# cd frontend-SOAR/frontend/\r\n\r\n# sudo npm install\r\n\r\n# sudo PORT=80 npm run start",
            "template": "#!/bin/bash\r\n\r\ncurl -o- https://raw.githubusercontent.com/nvm-sh/nvm/v0.39.1/install.sh | bash\r\nsource ~/.bashrc\r\n\r\nsudo apt-get update -y\r\n\r\nsudo apt-get install npm -y\r\n\r\ngit clone https://github.com/GondorSigl2022/SOAR.git\r\n\r\ncd SOAR/plateform2/frontend\r\n\r\necho \"REACT_APP_BACKEND_URI=${REACT_APP_BACKEND_URI}\" \u003e .env\r\n\r\nexport REACT_APP_BACKEND_URI=${REACT_APP_BACKEND_URI}\r\n\r\nnvm install\r\nnvm use\r\nnpm i --no-save\r\nsudo PORT=80 npm run start\r\n\r\n# cd /home/ubuntu/\r\n\r\n# sudo apt-get update\r\n# sudo apt-get install npm -y\r\n\r\n# curl -fsSL https://deb.nodesource.com/setup_current.x | sudo -E bash -\r\n# sudo apt-get install -y nodejs\r\n\r\n# git clone https://github.com/GondorSigl2022/frontend-SOAR.git\r\n\r\n# cd frontend-SOAR/frontend/\r\n\r\n# sudo npm install\r\n\r\n# sudo PORT=80 npm run start",
            "vars": {
              "REACT_APP_BACKEND_URI": "elb-back-1507888814.us-east-1.elb.amazonaws.com"
            }
          },
          "sensitive_attributes": []
        }
      ]
    },
    {
      "mode": "managed",
      "type": "aws_autoscaling_group",
      "name": "back",
      "provider": "provider[\"registry.terraform.io/hashicorp/aws\"]",
      "instances": [
        {
          "schema_version": 0,
          "attributes": {
            "arn": "arn:aws:autoscaling:us-east-1:477886836737:autoScalingGroup:ebf06108-336d-43dd-9bd7-457dafad09e0:autoScalingGroupName/back-20220104155309132800000002-asg",
            "availability_zones": [
              "us-east-1a",
              "us-east-1b"
            ],
            "capacity_rebalance": false,
            "default_cooldown": 300,
            "desired_capacity": 2,
            "enabled_metrics": [
              "GroupDesiredCapacity",
              "GroupInServiceInstances",
              "GroupMaxSize",
              "GroupMinSize",
              "GroupTotalInstances"
            ],
            "force_delete": false,
            "force_delete_warm_pool": false,
            "health_check_grace_period": 300,
            "health_check_type": "ELB",
            "id": "back-20220104155309132800000002-asg",
            "initial_lifecycle_hook": [],
            "instance_refresh": [],
            "launch_configuration": "back-20220104155309132800000002",
            "launch_template": [],
            "load_balancers": [],
            "max_instance_lifetime": 0,
            "max_size": 2,
            "metrics_granularity": "1Minute",
            "min_elb_capacity": null,
            "min_size": 2,
            "mixed_instances_policy": [],
            "name": "back-20220104155309132800000002-asg",
            "name_prefix": "",
            "placement_group": "",
            "protect_from_scale_in": false,
            "service_linked_role_arn": "arn:aws:iam::477886836737:role/aws-service-role/autoscaling.amazonaws.com/AWSServiceRoleForAutoScaling",
            "suspended_processes": [],
            "tag": [
              {
                "key": "Name",
                "propagate_at_launch": true,
                "value": "back"
              }
            ],
            "tags": null,
            "target_group_arns": [
              "arn:aws:elasticloadbalancing:us-east-1:477886836737:targetgroup/pref-20220104150816441700000001/50c24e17005540a9"
            ],
            "termination_policies": [],
            "timeouts": null,
            "vpc_zone_identifier": [
              "subnet-0393dc31790debeba",
              "subnet-09d0f87147aef1659"
            ],
            "wait_for_capacity_timeout": "10m",
            "wait_for_elb_capacity": null,
            "warm_pool": []
          },
          "sensitive_attributes": [],
          "private": "eyJlMmJmYjczMC1lY2FhLTExZTYtOGY4OC0zNDM2M2JjN2M0YzAiOnsiZGVsZXRlIjo2MDAwMDAwMDAwMDB9fQ==",
          "dependencies": [
            "aws_launch_configuration.back",
            "aws_security_group.http-allowed",
            "aws_subnet.prod-public-subnet-1",
            "module.alb-back.aws_lb_target_group.main",
            "aws_default_security_group.default",
            "aws_key_pair.webserver-key",
            "aws_security_group.ssh-allowed",
            "aws_subnet.prod-public-subnet-2",
            "aws_vpc.prod-vpc",
            "tls_private_key.webserver-private-key"
          ],
          "create_before_destroy": true
        }
      ]
    },
    {
      "mode": "managed",
      "type": "aws_autoscaling_group",
      "name": "front",
      "provider": "provider[\"registry.terraform.io/hashicorp/aws\"]",
      "instances": [
        {
          "schema_version": 0,
          "attributes": {
            "arn": "arn:aws:autoscaling:us-east-1:477886836737:autoScalingGroup:04e3e69f-68e6-47c4-b360-47608567e114:autoScalingGroupName/front-20220104180516352600000001-asg",
            "availability_zones": [
              "us-east-1a",
              "us-east-1b"
            ],
            "capacity_rebalance": false,
            "default_cooldown": 300,
            "desired_capacity": 2,
            "enabled_metrics": [
              "GroupDesiredCapacity",
              "GroupInServiceInstances",
              "GroupMaxSize",
              "GroupMinSize",
              "GroupTotalInstances"
            ],
            "force_delete": false,
            "force_delete_warm_pool": false,
            "health_check_grace_period": 300,
            "health_check_type": "ELB",
            "id": "front-20220104180516352600000001-asg",
            "initial_lifecycle_hook": [],
            "instance_refresh": [],
            "launch_configuration": "front-20220104180516352600000001",
            "launch_template": [],
            "load_balancers": [],
            "max_instance_lifetime": 0,
            "max_size": 2,
            "metrics_granularity": "1Minute",
            "min_elb_capacity": null,
            "min_size": 2,
            "mixed_instances_policy": [],
            "name": "front-20220104180516352600000001-asg",
            "name_prefix": "",
            "placement_group": "",
            "protect_from_scale_in": false,
            "service_linked_role_arn": "arn:aws:iam::477886836737:role/aws-service-role/autoscaling.amazonaws.com/AWSServiceRoleForAutoScaling",
            "suspended_processes": [],
            "tag": [
              {
                "key": "Name",
                "propagate_at_launch": true,
                "value": "front"
              }
            ],
            "tags": null,
            "target_group_arns": [
              "arn:aws:elasticloadbalancing:us-east-1:477886836737:targetgroup/pref-20220104150816450600000002/1b3c0ec44337c22c"
            ],
            "termination_policies": [],
            "timeouts": null,
            "vpc_zone_identifier": [
              "subnet-0393dc31790debeba",
              "subnet-09d0f87147aef1659"
            ],
            "wait_for_capacity_timeout": "10m",
            "wait_for_elb_capacity": null,
            "warm_pool": []
          },
          "sensitive_attributes": [],
          "private": "eyJlMmJmYjczMC1lY2FhLTExZTYtOGY4OC0zNDM2M2JjN2M0YzAiOnsiZGVsZXRlIjo2MDAwMDAwMDAwMDB9fQ==",
          "dependencies": [
            "aws_security_group.ssh-allowed",
            "aws_subnet.prod-public-subnet-1",
            "data.template_file.init",
            "tls_private_key.webserver-private-key",
            "aws_default_security_group.default",
            "aws_launch_configuration.front",
            "aws_subnet.prod-public-subnet-2",
            "aws_vpc.prod-vpc",
            "module.alb-back.aws_lb.this",
            "module.alb-front.aws_lb_target_group.main",
            "aws_key_pair.webserver-key",
            "aws_security_group.http-allowed"
          ],
          "create_before_destroy": true
        }
      ]
    },
    {
      "mode": "managed",
      "type": "aws_default_security_group",
      "name": "default",
      "provider": "provider[\"registry.terraform.io/hashicorp/aws\"]",
      "instances": [
        {
          "schema_version": 1,
          "attributes": {
            "arn": "arn:aws:ec2:us-east-1:477886836737:security-group/sg-017137b780d16b123",
            "description": "default VPC security group",
            "egress": [
              {
                "cidr_blocks": [
                  "0.0.0.0/0"
                ],
                "description": "",
                "from_port": 0,
                "ipv6_cidr_blocks": [],
                "prefix_list_ids": [],
                "protocol": "-1",
                "security_groups": [],
                "self": false,
                "to_port": 0
              }
            ],
            "id": "sg-017137b780d16b123",
            "ingress": [
              {
                "cidr_blocks": [
                  "0.0.0.0/0"
                ],
                "description": "",
                "from_port": 0,
                "ipv6_cidr_blocks": [],
                "prefix_list_ids": [],
                "protocol": "-1",
                "security_groups": [],
                "self": false,
                "to_port": 0
              }
            ],
            "name": "default",
            "owner_id": "477886836737",
            "revoke_rules_on_delete": false,
            "tags": {},
            "tags_all": {},
            "vpc_id": "vpc-0be4d66ed10f2ccc4"
          },
          "sensitive_attributes": [],
          "private": "eyJzY2hlbWFfdmVyc2lvbiI6IjEifQ==",
          "dependencies": [
            "aws_vpc.prod-vpc"
          ],
          "create_before_destroy": true
        }
      ]
    },
    {
      "mode": "managed",
      "type": "aws_instance",
      "name": "db-manager",
      "provider": "provider[\"registry.terraform.io/hashicorp/aws\"]",
      "instances": [
        {
          "schema_version": 1,
          "attributes": {
            "ami": "ami-04505e74c0741db8d",
            "arn": "arn:aws:ec2:us-east-1:477886836737:instance/i-0337edeef0115391b",
            "associate_public_ip_address": true,
            "availability_zone": "us-east-1a",
            "capacity_reservation_specification": [
              {
                "capacity_reservation_preference": "open",
                "capacity_reservation_target": []
              }
            ],
            "cpu_core_count": 1,
            "cpu_threads_per_core": 2,
            "credit_specification": [
              {
                "cpu_credits": "unlimited"
              }
            ],
            "disable_api_termination": false,
            "ebs_block_device": [],
            "ebs_optimized": false,
            "enclave_options": [
              {
                "enabled": false
              }
            ],
            "ephemeral_block_device": [],
            "get_password_data": false,
            "hibernation": false,
            "host_id": null,
            "iam_instance_profile": "",
            "id": "i-0337edeef0115391b",
            "instance_initiated_shutdown_behavior": "stop",
            "instance_state": "running",
            "instance_type": "t3.micro",
            "ipv6_address_count": 0,
            "ipv6_addresses": [],
            "key_name": "webserver-key",
            "launch_template": [],
            "metadata_options": [
              {
                "http_endpoint": "enabled",
                "http_put_response_hop_limit": 1,
                "http_tokens": "optional"
              }
            ],
            "monitoring": false,
            "network_interface": [],
            "outpost_arn": "",
            "password_data": "",
            "placement_group": "",
            "placement_partition_number": null,
            "primary_network_interface_id": "eni-03ef629ae0a0388a1",
            "private_dns": "ip-10-0-1-43.ec2.internal",
            "private_ip": "10.0.1.43",
            "public_dns": "ec2-18-204-44-64.compute-1.amazonaws.com",
            "public_ip": "18.204.44.64",
            "root_block_device": [
              {
                "delete_on_termination": true,
                "device_name": "/dev/sda1",
                "encrypted": false,
                "iops": 100,
                "kms_key_id": "",
                "tags": {},
                "throughput": 0,
                "volume_id": "vol-0a5423e4cce10b993",
                "volume_size": 8,
                "volume_type": "gp2"
              }
            ],
            "secondary_private_ips": [],
            "security_groups": [],
            "source_dest_check": true,
            "subnet_id": "subnet-09d0f87147aef1659",
            "tags": {
              "Name": "db-manager"
            },
            "tags_all": {
              "Name": "db-manager"
            },
            "tenancy": "default",
            "timeouts": null,
            "user_data": "8888038af264d1a94085ebd67f4ea1deb83c09bc",
            "user_data_base64": null,
            "volume_tags": null,
            "vpc_security_group_ids": [
              "sg-017137b780d16b123"
            ]
          },
          "sensitive_attributes": [],
          "private": "eyJlMmJmYjczMC1lY2FhLTExZTYtOGY4OC0zNDM2M2JjN2M0YzAiOnsiY3JlYXRlIjo2MDAwMDAwMDAwMDAsImRlbGV0ZSI6MTIwMDAwMDAwMDAwMCwidXBkYXRlIjo2MDAwMDAwMDAwMDB9LCJzY2hlbWFfdmVyc2lvbiI6IjEifQ==",
          "dependencies": [
            "aws_default_security_group.default",
            "aws_key_pair.webserver-key",
            "aws_subnet.prod-public-subnet-1",
            "tls_private_key.webserver-private-key"
          ]
        }
      ]
    },
    {
      "mode": "managed",
      "type": "aws_instance",
      "name": "db-node1",
      "provider": "provider[\"registry.terraform.io/hashicorp/aws\"]",
      "instances": [
        {
          "schema_version": 1,
          "attributes": {
            "ami": "ami-04505e74c0741db8d",
            "arn": "arn:aws:ec2:us-east-1:477886836737:instance/i-0b4954d58b5be9836",
            "associate_public_ip_address": true,
            "availability_zone": "us-east-1a",
            "capacity_reservation_specification": [
              {
                "capacity_reservation_preference": "open",
                "capacity_reservation_target": []
              }
            ],
            "cpu_core_count": 1,
            "cpu_threads_per_core": 2,
            "credit_specification": [
              {
                "cpu_credits": "unlimited"
              }
            ],
            "disable_api_termination": false,
            "ebs_block_device": [],
            "ebs_optimized": false,
            "enclave_options": [
              {
                "enabled": false
              }
            ],
            "ephemeral_block_device": [],
            "get_password_data": false,
            "hibernation": false,
            "host_id": null,
            "iam_instance_profile": "",
            "id": "i-0b4954d58b5be9836",
            "instance_initiated_shutdown_behavior": "stop",
            "instance_state": "running",
            "instance_type": "t3.micro",
            "ipv6_address_count": 0,
            "ipv6_addresses": [],
            "key_name": "webserver-key",
            "launch_template": [],
            "metadata_options": [
              {
                "http_endpoint": "enabled",
                "http_put_response_hop_limit": 1,
                "http_tokens": "optional"
              }
            ],
            "monitoring": false,
            "network_interface": [],
            "outpost_arn": "",
            "password_data": "",
            "placement_group": "",
            "placement_partition_number": null,
            "primary_network_interface_id": "eni-0c12238ab976650b9",
            "private_dns": "ip-10-0-1-54.ec2.internal",
            "private_ip": "10.0.1.54",
            "public_dns": "ec2-3-239-252-52.compute-1.amazonaws.com",
            "public_ip": "3.239.252.52",
            "root_block_device": [
              {
                "delete_on_termination": true,
                "device_name": "/dev/sda1",
                "encrypted": false,
                "iops": 100,
                "kms_key_id": "",
                "tags": {},
                "throughput": 0,
                "volume_id": "vol-0fe34d6d5b931497a",
                "volume_size": 8,
                "volume_type": "gp2"
              }
            ],
            "secondary_private_ips": [],
            "security_groups": [],
            "source_dest_check": true,
            "subnet_id": "subnet-09d0f87147aef1659",
            "tags": {
              "Name": "db-node1"
            },
            "tags_all": {
              "Name": "db-node1"
            },
            "tenancy": "default",
            "timeouts": null,
            "user_data": "db291a0e0017f22581d6bf1e01afaa199a4de6e7",
            "user_data_base64": null,
            "volume_tags": null,
            "vpc_security_group_ids": [
              "sg-017137b780d16b123"
            ]
          },
          "sensitive_attributes": [],
          "private": "eyJlMmJmYjczMC1lY2FhLTExZTYtOGY4OC0zNDM2M2JjN2M0YzAiOnsiY3JlYXRlIjo2MDAwMDAwMDAwMDAsImRlbGV0ZSI6MTIwMDAwMDAwMDAwMCwidXBkYXRlIjo2MDAwMDAwMDAwMDB9LCJzY2hlbWFfdmVyc2lvbiI6IjEifQ==",
          "dependencies": [
            "aws_default_security_group.default",
            "aws_key_pair.webserver-key",
            "aws_subnet.prod-public-subnet-1",
            "tls_private_key.webserver-private-key"
          ]
        }
      ]
    },
    {
      "mode": "managed",
      "type": "aws_instance",
      "name": "db-node2",
      "provider": "provider[\"registry.terraform.io/hashicorp/aws\"]",
      "instances": [
        {
          "schema_version": 1,
          "attributes": {
            "ami": "ami-04505e74c0741db8d",
            "arn": "arn:aws:ec2:us-east-1:477886836737:instance/i-04c09f6d528bdb121",
            "associate_public_ip_address": true,
            "availability_zone": "us-east-1b",
            "capacity_reservation_specification": [
              {
                "capacity_reservation_preference": "open",
                "capacity_reservation_target": []
              }
            ],
            "cpu_core_count": 1,
            "cpu_threads_per_core": 2,
            "credit_specification": [
              {
                "cpu_credits": "unlimited"
              }
            ],
            "disable_api_termination": false,
            "ebs_block_device": [],
            "ebs_optimized": false,
            "enclave_options": [
              {
                "enabled": false
              }
            ],
            "ephemeral_block_device": [],
            "get_password_data": false,
            "hibernation": false,
            "host_id": null,
            "iam_instance_profile": "",
            "id": "i-04c09f6d528bdb121",
            "instance_initiated_shutdown_behavior": "stop",
            "instance_state": "running",
            "instance_type": "t3.micro",
            "ipv6_address_count": 0,
            "ipv6_addresses": [],
            "key_name": "webserver-key",
            "launch_template": [],
            "metadata_options": [
              {
                "http_endpoint": "enabled",
                "http_put_response_hop_limit": 1,
                "http_tokens": "optional"
              }
            ],
            "monitoring": false,
            "network_interface": [],
            "outpost_arn": "",
            "password_data": "",
            "placement_group": "",
            "placement_partition_number": null,
            "primary_network_interface_id": "eni-0fca0868c2053aba9",
            "private_dns": "ip-10-0-2-55.ec2.internal",
            "private_ip": "10.0.2.55",
            "public_dns": "ec2-18-234-241-151.compute-1.amazonaws.com",
            "public_ip": "18.234.241.151",
            "root_block_device": [
              {
                "delete_on_termination": true,
                "device_name": "/dev/sda1",
                "encrypted": false,
                "iops": 100,
                "kms_key_id": "",
                "tags": {},
                "throughput": 0,
                "volume_id": "vol-084b9f9c97dcd4e6e",
                "volume_size": 8,
                "volume_type": "gp2"
              }
            ],
            "secondary_private_ips": [],
            "security_groups": [],
            "source_dest_check": true,
            "subnet_id": "subnet-0393dc31790debeba",
            "tags": {
              "Name": "db-node2"
            },
            "tags_all": {
              "Name": "db-node2"
            },
            "tenancy": "default",
            "timeouts": null,
            "user_data": "a720303dec21db5f7ad5e80d5ce4e0071f4c3421",
            "user_data_base64": null,
            "volume_tags": null,
            "vpc_security_group_ids": [
              "sg-017137b780d16b123"
            ]
          },
          "sensitive_attributes": [],
          "private": "eyJlMmJmYjczMC1lY2FhLTExZTYtOGY4OC0zNDM2M2JjN2M0YzAiOnsiY3JlYXRlIjo2MDAwMDAwMDAwMDAsImRlbGV0ZSI6MTIwMDAwMDAwMDAwMCwidXBkYXRlIjo2MDAwMDAwMDAwMDB9LCJzY2hlbWFfdmVyc2lvbiI6IjEifQ==",
          "dependencies": [
            "aws_default_security_group.default",
            "aws_key_pair.webserver-key",
            "aws_subnet.prod-public-subnet-2",
            "tls_private_key.webserver-private-key"
          ]
        }
      ]
    },
    {
      "mode": "managed",
      "type": "aws_internet_gateway",
      "name": "prod-igw",
      "provider": "provider[\"registry.terraform.io/hashicorp/aws\"]",
      "instances": [
        {
          "schema_version": 0,
          "attributes": {
            "arn": "arn:aws:ec2:us-east-1:477886836737:internet-gateway/igw-076449b2afdbd461e",
            "id": "igw-076449b2afdbd461e",
            "owner_id": "477886836737",
            "tags": {
              "Name": "prod-igw"
            },
            "tags_all": {
              "Name": "prod-igw"
            },
            "vpc_id": "vpc-0be4d66ed10f2ccc4"
          },
          "sensitive_attributes": [],
          "private": "bnVsbA==",
          "dependencies": [
            "aws_vpc.prod-vpc"
          ]
        }
      ]
    },
    {
      "mode": "managed",
      "type": "aws_key_pair",
      "name": "webserver-key",
      "provider": "provider[\"registry.terraform.io/hashicorp/aws\"]",
      "instances": [
        {
          "schema_version": 1,
          "attributes": {
            "arn": "arn:aws:ec2:us-east-1:477886836737:key-pair/webserver-key",
            "fingerprint": "bf:72:28:8c:a3:af:e2:c0:30:2e:5b:7b:ab:1e:21:cb",
            "id": "webserver-key",
            "key_name": "webserver-key",
            "key_name_prefix": "",
            "key_pair_id": "key-00e76b50ba4dc7f58",
            "public_key": "ssh-rsa AAAAB3NzaC1yc2EAAAADAQABAAACAQDAVa5YLyjhfSsFE6kJLG3CsurGqMLRPqVjOfXXtOJQbQhR8/VAmdncM849uv0RgtClI4wQJF+TXLmByaZeHPBkGhDcTnazvKE77XUnmJpUkpHzQZSv26rbu+hWXmj7H0UmrqNgmDcwnrHiIGcSdCQuCFm/rcFCXSyGVFDZSsCdN9FsvP0lenud8an5100unHMXQfMlRYCjsasGR+/lOGTqZpI2/6nmYnDLSB42Sx8IFc/QbIynNY4gLva/p1SLC3BofF8uIPtRZ7vFDSucQetOHBBzEZYgMEdmfZCpfOsfeh85xqMjifzx7nmyy6oVgcw0H7TLE34sKMlrlvEWWtaFUob5eWg6HT0D5P5bu8J3ymL9KssHUe1zxDAU9plvPBkkbsorAcKhM6nKQ3i1LYIphJL+JYDtJmH/hi1qIlZH4x+/0AzXP9dT7yobtshBbYq9X14vp8mA0uiQN4t+lsSO1eVIE4ua+9pUJWtJ9UD6kBNu18b6yeY4LsM4KHouXaIririZDoA44YvulUtbZj9zKvDnFfSe9GtbmFG4gzdMKoKO63xI5gsihXHT5W5UuzyRk38bP2JZQSCSYCaYOmgREsVHIL+5JVA8WKBcC/d+anMGEDnQSJVGNUNnij83dkkMoUo8df58suq0yxvkwOSV7NJf9megbo3HQ7heZwLIgw==",
            "tags": {},
            "tags_all": {}
          },
          "sensitive_attributes": [],
          "private": "eyJzY2hlbWFfdmVyc2lvbiI6IjEifQ==",
          "dependencies": [
            "tls_private_key.webserver-private-key"
          ],
          "create_before_destroy": true
        }
      ]
    },
    {
      "mode": "managed",
      "type": "aws_launch_configuration",
      "name": "back",
      "provider": "provider[\"registry.terraform.io/hashicorp/aws\"]",
      "instances": [
        {
          "schema_version": 0,
          "attributes": {
            "arn": "arn:aws:autoscaling:us-east-1:477886836737:launchConfiguration:8c291aa5-9c33-4bf6-b53d-298ec3e27a0b:launchConfigurationName/back-20220104155309132800000002",
            "associate_public_ip_address": true,
            "ebs_block_device": [],
            "ebs_optimized": false,
            "enable_monitoring": true,
            "ephemeral_block_device": [],
            "iam_instance_profile": "",
            "id": "back-20220104155309132800000002",
            "image_id": "ami-04505e74c0741db8d",
            "instance_type": "t3.micro",
            "key_name": "webserver-key",
            "metadata_options": [],
            "name": "back-20220104155309132800000002",
            "name_prefix": "back-",
            "placement_tenancy": null,
            "root_block_device": [],
            "security_groups": [
              "sg-017137b780d16b123",
              "sg-08b745b661537ff02",
              "sg-0a8bb5dc7f41d0bfc"
            ],
            "spot_price": "",
            "user_data": "7d95ea6181aa28bbf3764b25fcda10e3d6f10f48",
            "user_data_base64": null,
            "vpc_classic_link_id": "",
            "vpc_classic_link_security_groups": []
          },
          "sensitive_attributes": [],
          "private": "bnVsbA==",
          "dependencies": [
            "aws_security_group.http-allowed",
            "aws_security_group.ssh-allowed",
            "aws_vpc.prod-vpc",
            "tls_private_key.webserver-private-key",
            "aws_default_security_group.default",
            "aws_key_pair.webserver-key"
          ],
          "create_before_destroy": true
        }
      ]
    },
    {
      "mode": "managed",
      "type": "aws_launch_configuration",
      "name": "front",
      "provider": "provider[\"registry.terraform.io/hashicorp/aws\"]",
      "instances": [
        {
          "schema_version": 0,
          "attributes": {
            "arn": "arn:aws:autoscaling:us-east-1:477886836737:launchConfiguration:04dd8db4-6784-453f-be6a-8844ba1a9611:launchConfigurationName/front-20220104180516352600000001",
            "associate_public_ip_address": true,
            "ebs_block_device": [],
            "ebs_optimized": false,
            "enable_monitoring": true,
            "ephemeral_block_device": [],
            "iam_instance_profile": "",
            "id": "front-20220104180516352600000001",
            "image_id": "ami-04505e74c0741db8d",
            "instance_type": "t3.micro",
            "key_name": "webserver-key",
            "metadata_options": [],
            "name": "front-20220104180516352600000001",
            "name_prefix": "front-",
            "placement_tenancy": null,
            "root_block_device": [],
            "security_groups": [
              "sg-017137b780d16b123",
              "sg-08b745b661537ff02",
              "sg-0a8bb5dc7f41d0bfc"
            ],
            "spot_price": "",
            "user_data": "aad54bd247204e0942a2ae78206c17d3e52abb0d",
            "user_data_base64": null,
            "vpc_classic_link_id": "",
            "vpc_classic_link_security_groups": []
          },
          "sensitive_attributes": [],
          "private": "bnVsbA==",
          "dependencies": [
            "aws_default_security_group.default",
            "aws_key_pair.webserver-key",
            "aws_security_group.http-allowed",
            "aws_security_group.ssh-allowed",
            "aws_subnet.prod-public-subnet-1",
            "module.alb-back.aws_lb.this",
            "aws_subnet.prod-public-subnet-2",
            "aws_vpc.prod-vpc",
            "data.template_file.init",
            "tls_private_key.webserver-private-key"
          ],
          "create_before_destroy": true
        }
      ]
    },
    {
      "mode": "managed",
      "type": "aws_route_table",
      "name": "prod-public-crt",
      "provider": "provider[\"registry.terraform.io/hashicorp/aws\"]",
      "instances": [
        {
          "schema_version": 0,
          "attributes": {
            "arn": "arn:aws:ec2:us-east-1:477886836737:route-table/rtb-06b2e3234d8b1d33c",
            "id": "rtb-06b2e3234d8b1d33c",
            "owner_id": "477886836737",
            "propagating_vgws": [],
            "route": [
              {
                "carrier_gateway_id": "",
                "cidr_block": "0.0.0.0/0",
                "destination_prefix_list_id": "",
                "egress_only_gateway_id": "",
                "gateway_id": "igw-076449b2afdbd461e",
                "instance_id": "",
                "ipv6_cidr_block": "",
                "local_gateway_id": "",
                "nat_gateway_id": "",
                "network_interface_id": "",
                "transit_gateway_id": "",
                "vpc_endpoint_id": "",
                "vpc_peering_connection_id": ""
              }
            ],
            "tags": {
              "Name": "prod-public-crt"
            },
            "tags_all": {
              "Name": "prod-public-crt"
            },
            "timeouts": null,
            "vpc_id": "vpc-0be4d66ed10f2ccc4"
          },
          "sensitive_attributes": [],
          "private": "eyJlMmJmYjczMC1lY2FhLTExZTYtOGY4OC0zNDM2M2JjN2M0YzAiOnsiY3JlYXRlIjozMDAwMDAwMDAwMDAsImRlbGV0ZSI6MzAwMDAwMDAwMDAwLCJ1cGRhdGUiOjEyMDAwMDAwMDAwMH19",
          "dependencies": [
            "aws_internet_gateway.prod-igw",
            "aws_vpc.prod-vpc"
          ]
        }
      ]
    },
    {
      "mode": "managed",
      "type": "aws_route_table_association",
      "name": "prod-crta-public-subnet-1",
      "provider": "provider[\"registry.terraform.io/hashicorp/aws\"]",
      "instances": [
        {
          "schema_version": 0,
          "attributes": {
            "gateway_id": "",
            "id": "rtbassoc-0063008acb66fbfb2",
            "route_table_id": "rtb-06b2e3234d8b1d33c",
            "subnet_id": "subnet-09d0f87147aef1659"
          },
          "sensitive_attributes": [],
          "private": "bnVsbA==",
          "dependencies": [
            "aws_subnet.prod-public-subnet-1",
            "aws_vpc.prod-vpc",
            "aws_internet_gateway.prod-igw",
            "aws_route_table.prod-public-crt"
          ]
        }
      ]
    },
    {
      "mode": "managed",
      "type": "aws_route_table_association",
      "name": "prod-crta-public-subnet-2",
      "provider": "provider[\"registry.terraform.io/hashicorp/aws\"]",
      "instances": [
        {
          "schema_version": 0,
          "attributes": {
            "gateway_id": "",
            "id": "rtbassoc-05fb6161fcd338081",
            "route_table_id": "rtb-06b2e3234d8b1d33c",
            "subnet_id": "subnet-0393dc31790debeba"
          },
          "sensitive_attributes": [],
          "private": "bnVsbA==",
          "dependencies": [
            "aws_internet_gateway.prod-igw",
            "aws_route_table.prod-public-crt",
            "aws_subnet.prod-public-subnet-2",
            "aws_vpc.prod-vpc"
          ]
        }
      ]
    },
    {
      "mode": "managed",
      "type": "aws_security_group",
      "name": "elb-http",
      "provider": "provider[\"registry.terraform.io/hashicorp/aws\"]",
      "instances": [
        {
          "schema_version": 1,
          "attributes": {
            "arn": "arn:aws:ec2:us-east-1:477886836737:security-group/sg-061b134b66f746c09",
            "description": "Allow HTTP traffic to instances through Elastic Load Balancer",
            "egress": [
              {
                "cidr_blocks": [
                  "0.0.0.0/0"
                ],
                "description": "",
                "from_port": 0,
                "ipv6_cidr_blocks": [],
                "prefix_list_ids": [],
                "protocol": "-1",
                "security_groups": [],
                "self": false,
                "to_port": 0
              }
            ],
            "id": "sg-061b134b66f746c09",
            "ingress": [
              {
                "cidr_blocks": [
                  "0.0.0.0/0"
                ],
                "description": "",
                "from_port": 80,
                "ipv6_cidr_blocks": [],
                "prefix_list_ids": [],
                "protocol": "tcp",
                "security_groups": [],
                "self": false,
                "to_port": 80
              }
            ],
            "name": "elb-http",
            "name_prefix": "",
            "owner_id": "477886836737",
            "revoke_rules_on_delete": false,
            "tags": {
              "Name": "Allow HTTP through ELB Security Group"
            },
            "tags_all": {
              "Name": "Allow HTTP through ELB Security Group"
            },
            "timeouts": null,
            "vpc_id": "vpc-0be4d66ed10f2ccc4"
          },
          "sensitive_attributes": [],
          "private": "eyJlMmJmYjczMC1lY2FhLTExZTYtOGY4OC0zNDM2M2JjN2M0YzAiOnsiY3JlYXRlIjo2MDAwMDAwMDAwMDAsImRlbGV0ZSI6OTAwMDAwMDAwMDAwfSwic2NoZW1hX3ZlcnNpb24iOiIxIn0=",
          "dependencies": [
            "aws_vpc.prod-vpc"
          ]
        }
      ]
    },
    {
      "mode": "managed",
      "type": "aws_security_group",
      "name": "http-allowed",
      "provider": "provider[\"registry.terraform.io/hashicorp/aws\"]",
      "instances": [
        {
          "schema_version": 1,
          "attributes": {
            "arn": "arn:aws:ec2:us-east-1:477886836737:security-group/sg-08b745b661537ff02",
            "description": "Allow HTTP inbound connections",
            "egress": [
              {
                "cidr_blocks": [
                  "0.0.0.0/0"
                ],
                "description": "",
                "from_port": 0,
                "ipv6_cidr_blocks": [],
                "prefix_list_ids": [],
                "protocol": "-1",
                "security_groups": [],
                "self": false,
                "to_port": 0
              }
            ],
            "id": "sg-08b745b661537ff02",
            "ingress": [
              {
                "cidr_blocks": [
                  "0.0.0.0/0"
                ],
                "description": "",
                "from_port": 80,
                "ipv6_cidr_blocks": [],
                "prefix_list_ids": [],
                "protocol": "tcp",
                "security_groups": [],
                "self": false,
                "to_port": 80
              }
            ],
            "name": "allow_http",
            "name_prefix": "",
            "owner_id": "477886836737",
            "revoke_rules_on_delete": false,
            "tags": {
              "Name": "http-allowed"
            },
            "tags_all": {
              "Name": "http-allowed"
            },
            "timeouts": null,
            "vpc_id": "vpc-0be4d66ed10f2ccc4"
          },
          "sensitive_attributes": [],
          "private": "eyJlMmJmYjczMC1lY2FhLTExZTYtOGY4OC0zNDM2M2JjN2M0YzAiOnsiY3JlYXRlIjo2MDAwMDAwMDAwMDAsImRlbGV0ZSI6OTAwMDAwMDAwMDAwfSwic2NoZW1hX3ZlcnNpb24iOiIxIn0=",
          "dependencies": [
            "aws_vpc.prod-vpc"
          ],
          "create_before_destroy": true
        }
      ]
    },
    {
      "mode": "managed",
      "type": "aws_security_group",
      "name": "ssh-allowed",
      "provider": "provider[\"registry.terraform.io/hashicorp/aws\"]",
      "instances": [
        {
          "schema_version": 1,
          "attributes": {
            "arn": "arn:aws:ec2:us-east-1:477886836737:security-group/sg-0a8bb5dc7f41d0bfc",
            "description": "Managed by Terraform",
            "egress": [
              {
                "cidr_blocks": [
                  "0.0.0.0/0"
                ],
                "description": "",
                "from_port": 0,
                "ipv6_cidr_blocks": [],
                "prefix_list_ids": [],
                "protocol": "-1",
                "security_groups": [],
                "self": false,
                "to_port": 0
              }
            ],
            "id": "sg-0a8bb5dc7f41d0bfc",
            "ingress": [
              {
                "cidr_blocks": [
                  "0.0.0.0/0"
                ],
                "description": "",
                "from_port": 22,
                "ipv6_cidr_blocks": [],
                "prefix_list_ids": [],
                "protocol": "tcp",
                "security_groups": [],
                "self": false,
                "to_port": 22
              },
              {
                "cidr_blocks": [
                  "0.0.0.0/0"
                ],
                "description": "",
                "from_port": 80,
                "ipv6_cidr_blocks": [],
                "prefix_list_ids": [],
                "protocol": "tcp",
                "security_groups": [],
                "self": false,
                "to_port": 80
              }
            ],
            "name": "terraform-20220104150816454500000003",
            "name_prefix": "terraform-",
            "owner_id": "477886836737",
            "revoke_rules_on_delete": false,
            "tags": {
              "Name": "ssh-allowed"
            },
            "tags_all": {
              "Name": "ssh-allowed"
            },
            "timeouts": null,
            "vpc_id": "vpc-0be4d66ed10f2ccc4"
          },
          "sensitive_attributes": [],
          "private": "eyJlMmJmYjczMC1lY2FhLTExZTYtOGY4OC0zNDM2M2JjN2M0YzAiOnsiY3JlYXRlIjo2MDAwMDAwMDAwMDAsImRlbGV0ZSI6OTAwMDAwMDAwMDAwfSwic2NoZW1hX3ZlcnNpb24iOiIxIn0=",
          "dependencies": [
            "aws_vpc.prod-vpc"
          ],
          "create_before_destroy": true
        }
      ]
    },
    {
      "mode": "managed",
      "type": "aws_subnet",
      "name": "prod-public-subnet-1",
      "provider": "provider[\"registry.terraform.io/hashicorp/aws\"]",
      "instances": [
        {
          "schema_version": 1,
          "attributes": {
            "arn": "arn:aws:ec2:us-east-1:477886836737:subnet/subnet-09d0f87147aef1659",
            "assign_ipv6_address_on_creation": false,
            "availability_zone": "us-east-1a",
            "availability_zone_id": "use1-az1",
            "cidr_block": "10.0.1.0/24",
            "customer_owned_ipv4_pool": "",
            "id": "subnet-09d0f87147aef1659",
            "ipv6_cidr_block": "",
            "ipv6_cidr_block_association_id": "",
            "map_customer_owned_ip_on_launch": false,
            "map_public_ip_on_launch": true,
            "outpost_arn": "",
            "owner_id": "477886836737",
            "tags": {
              "Name": "prod-public-subnet-1"
            },
            "tags_all": {
              "Name": "prod-public-subnet-1"
            },
            "timeouts": null,
            "vpc_id": "vpc-0be4d66ed10f2ccc4"
          },
          "sensitive_attributes": [],
          "private": "eyJlMmJmYjczMC1lY2FhLTExZTYtOGY4OC0zNDM2M2JjN2M0YzAiOnsiY3JlYXRlIjo2MDAwMDAwMDAwMDAsImRlbGV0ZSI6MTIwMDAwMDAwMDAwMH0sInNjaGVtYV92ZXJzaW9uIjoiMSJ9",
          "dependencies": [
            "aws_vpc.prod-vpc"
          ],
          "create_before_destroy": true
        }
      ]
    },
    {
      "mode": "managed",
      "type": "aws_subnet",
      "name": "prod-public-subnet-2",
      "provider": "provider[\"registry.terraform.io/hashicorp/aws\"]",
      "instances": [
        {
          "schema_version": 1,
          "attributes": {
            "arn": "arn:aws:ec2:us-east-1:477886836737:subnet/subnet-0393dc31790debeba",
            "assign_ipv6_address_on_creation": false,
            "availability_zone": "us-east-1b",
            "availability_zone_id": "use1-az2",
            "cidr_block": "10.0.2.0/24",
            "customer_owned_ipv4_pool": "",
            "id": "subnet-0393dc31790debeba",
            "ipv6_cidr_block": "",
            "ipv6_cidr_block_association_id": "",
            "map_customer_owned_ip_on_launch": false,
            "map_public_ip_on_launch": true,
            "outpost_arn": "",
            "owner_id": "477886836737",
            "tags": {
              "Name": "prod-public-subnet-2"
            },
            "tags_all": {
              "Name": "prod-public-subnet-2"
            },
            "timeouts": null,
            "vpc_id": "vpc-0be4d66ed10f2ccc4"
          },
          "sensitive_attributes": [],
          "private": "eyJlMmJmYjczMC1lY2FhLTExZTYtOGY4OC0zNDM2M2JjN2M0YzAiOnsiY3JlYXRlIjo2MDAwMDAwMDAwMDAsImRlbGV0ZSI6MTIwMDAwMDAwMDAwMH0sInNjaGVtYV92ZXJzaW9uIjoiMSJ9",
          "dependencies": [
            "aws_vpc.prod-vpc"
          ],
          "create_before_destroy": true
        }
      ]
    },
    {
      "mode": "managed",
      "type": "aws_vpc",
      "name": "prod-vpc",
      "provider": "provider[\"registry.terraform.io/hashicorp/aws\"]",
      "instances": [
        {
          "schema_version": 1,
          "attributes": {
            "arn": "arn:aws:ec2:us-east-1:477886836737:vpc/vpc-0be4d66ed10f2ccc4",
            "assign_generated_ipv6_cidr_block": false,
            "cidr_block": "10.0.0.0/16",
            "default_network_acl_id": "acl-026b9b655d150bebf",
            "default_route_table_id": "rtb-09754dfbc3f173ce3",
            "default_security_group_id": "sg-017137b780d16b123",
            "dhcp_options_id": "dopt-07d3ba8e6f195cef6",
            "enable_classiclink": false,
            "enable_classiclink_dns_support": false,
            "enable_dns_hostnames": true,
            "enable_dns_support": true,
            "id": "vpc-0be4d66ed10f2ccc4",
            "instance_tenancy": "default",
            "ipv4_ipam_pool_id": null,
            "ipv4_netmask_length": null,
            "ipv6_association_id": "",
            "ipv6_cidr_block": "",
            "ipv6_ipam_pool_id": null,
            "ipv6_netmask_length": null,
            "main_route_table_id": "rtb-09754dfbc3f173ce3",
            "owner_id": "477886836737",
            "tags": {
              "Name": "prod-vpc"
            },
            "tags_all": {
              "Name": "prod-vpc"
            }
          },
          "sensitive_attributes": [],
          "private": "eyJzY2hlbWFfdmVyc2lvbiI6IjEifQ==",
          "create_before_destroy": true
        }
      ]
    },
    {
      "mode": "managed",
      "type": "local_file",
      "name": "private-key",
      "provider": "provider[\"registry.terraform.io/hashicorp/local\"]",
      "instances": [
        {
          "schema_version": 0,
          "attributes": {
            "content": "-----BEGIN RSA PRIVATE KEY-----\nMIIJJwIBAAKCAgEAwFWuWC8o4X0rBROpCSxtwrLqxqjC0T6lYzn117TiUG0IUfP1\nQJnZ3DPOPbr9EYLQpSOMECRfk1y5gcmmXhzwZBoQ3E52s7yhO+11J5iaVJKR80GU\nr9uq27voVl5o+x9FJq6jYJg3MJ6x4iBnEnQkLghZv63BQl0shlRQ2UrAnTfRbLz9\nJXp7nfGp+ddNLpxzF0HzJUWAo7GrBkfv5Thk6maSNv+p5mJwy0geNksfCBXP0GyM\npzWOIC72v6dUiwtwaHxfLiD7UWe7xQ0rnEHrThwQcxGWIDBHZn2QqXzrH3ofOcaj\nI4n88e55ssuqFYHMNB+0yxN+LCjJa5bxFlrWhVKG+XloOh09A+T+W7vCd8pi/SrL\nB1Htc8QwFPaZbzwZJG7KKwHCoTOpykN4tS2CKYSS/iWA7SZh/4YtaiJWR+Mfv9AM\n1z/XU+8qG7bIQW2KvV9eL6fJgNLokDeLfpbEjtXlSBOLmvvaVCVrSfVA+pATbtfG\n+snmOC7DOCh6Ll2iK4q4mQ6AOOGL7pVLW2Y/cyrw5xX0nvRrW5hRuIM3TCqCjut8\nSOYLIoVx0+VuVLs8kZN/Gz9iWUEgkmAmmDpoERLFRyC/uSVQPFigXAv3fmpzBhA5\n0EiVRjVDZ4o/N3ZJDKFKPHX+fLLqtMsb5MDklezSX/ZnoG6Nx0O4XmcCyIMCAwEA\nAQKCAgA2d00S/e/mwypump2w0lsW2tHvhhT9am8thVlgR4IbYnULuDlInQj7+dO6\n2XwW/GOXkFR2scY7FfQWlAM//ZP51QPXT4T/6zgBn4Igv29c6dDZAUZY8q0U4sat\nxriV/Mn5ZVUw4oomg5o+PgzSRf+E5ap8xHjJEVethq0Ki8e1/fuZfn91oJTnKmuH\nK/hYbceN24g+kssWEBcthSujTvANDRT07Dux2Ui12Gtt1qIoCP07ubGvHFRuOr53\nkaw4X/nqLOZLSt3AtM6Qw+UIsAYxrXLfEyjfXqypkn9n788pr8yt8Nl8E/SEkpL2\nFgTJaGNqk1wAcjm1yasYg7ssKHc89iPpQZIipeiu5jnNrimH6Lyp/5vc+bdFXqqa\nQ4qWCfxZx1tRF56NHHmusSYwo6LkyrvL8i4tFq8xWAtNRDn9NATRmcXHQRqxlslp\n0htYE7RZTE1hXSOCyzun6W1PUQQm4o6wwk3tPE+NZASAJ1TgND8cbLnjTMDY1+9e\nHNf2FSZHN4+MysDxbqOt8XtfDxtfr9ijrGgeewIpCwHx45kK30Dp+7jkWzESJKQ6\najwcL8WJghfTvbnnKPfq+/8GKyHkJ8VAu08katPGtLtLSp2nQDCdoVDtieMF282b\nn246nK+o3pXgki/Jzy2gnoTupHWMx0Zc8qb9hwQci/8NhTQeQQKCAQEA7atZT7Ew\njqwRWd+jfmYTXrWsfkVfVU1Wa6sySK7THARHeERjsh+FcQJpKD7Us9uySIXQVWv2\ngeWk0txwhWNVe/N9sG5d44kOxd2ce9EfL+FhrIt+Zq92HOAcQmCc00eiZ8nNrRkS\nWvHYOJTRwXlgb5QDa7DewFrLLHIuirOn2iE8jYrvCY1lrJ37Af4epH4PgK7MoIeF\n0DpcSa2uG7X+d3DOKowgc1mUUV4mzYHL6ybS/s/qqsLYNT3J7RNlPglxKwzzaLet\nO4YlO0eusvpISDqMNtfyB3nlCdC1/xI2u6pwktivohM2Z9wxiBXNmPJ3pAo8e4r2\n0gaRsFpmpKFO4QKCAQEAzys5dgtz4RcYYZdAabuYroqrK+yJVDL9hjRmOrLRzZbD\nVopL96avTIo7CaP7ZzbeHT3gKuYdp0gzCjVpIQkNcFhx+uF79JcsxGWUYgb6+Bfj\nZLaAnCuhQrlbZ0tz5CGtui+uhva9gskJyXjLDOiBvNxFQcM1SPPyhc91H2Uu69XX\n6gIVon3g07kENWOMXku7C8o9z8riVi9skOEGUFiedVhHEcILSWOPefcUqkFxi1OQ\nisMOITN45WLcCbesumgY1ylqdQlVSHtD0ECpZ2B5TE620aLhbfFojUR998pj2kzf\nlnRSDSUOm57atnh+kCfXkM+xzfwKg1v/yr23sne34wKCAQBv+pGj6Jo2PoAWVjZT\n8Ygi0XoqLElUiZG0PP7+G9C/nIyH78EBRbS7oCUnnyLccyC25sVX2fxVC3vzFYW2\ncyztr7WCkR2PfR4Gv/lgpREKoChDAZ5Wh0khJb5qz9ZT/aZZPE25xtxNGTGExylk\n/Okg6R4LeVQaUSz1Df87vpXRQmOjVNh3KbXD9NM1ByQs4HAxcypaYD/98eFVnY0w\n5Ti10eJxTYBkmMo25CNoJEWNz8cN46xvNEpmG2yuVLsY1Z4KaJmutwvZxcR4/7ci\nAKZZ0awKkwgn2Zi+XSXCvjQni5Bqv8lQlbjGioqT0aIC9ArGsUP5+Wl9Xzb5Xj6K\nRq5BAoIBAF1zlyELu4MPAv2K2BCaAh7CCMLwmWY09i4i1valkYSW/Ji+G9SkCTGS\nrV0E7rQ5iOpR7hwL39aE+BkjzL+NMNW73/aW3m6P/y68z7mEgpOFWxskRFGuULkj\nmfq3i5ieJJr3RVg2V3h2rYaHibjR7Sw/hLJMl23INV9tHN1DrG3P8ezqcc3x0IhR\nTney5y/mI4MHAOkKER1lmSiliU6XGyu93ZlCGgtJ8P/ImDbQ/KIn2OzvXiFV8bQv\n6ygrBay0pnfwg8g1pJXknMuFT6WFXFIys79PJTeODWakPdqYHoDr6nQZFqY9UCCd\nAPYM1rK6dkApoIBVsHxe9L0E5aeI35cCggEAKgjpDqdjy1yJJMT3F60fa5hPUjhi\nLkifbx/Y0yGV7w8+25HTVLXZVsXVwo6HCmzYJe3QfxvvEQ3oChSocFaVZj3Y4rxz\n+a21ZBMWqHW5GpAYd8PyaPAYiTv9aTtrzOpM43NtdKSfLHj7WQu/hwZN1Mx1oeT2\nXF/T0Gsk8OBEV1Ys/q0AG9CEAiYB74/fckZD6nx2fAZSEEiOFC+M164YStT2ADP2\nVYT+Nyn1llM6rbN2GRQcOB7s0KMwGOvVuHKpkyKfLgvZP3kjCwt8uK4YjH8Zx2lE\nAJlMoR4b6NdsC63aDvZitM4gbsfokVf3NnYL1gw1u1u7LPIt5GqPgRxxcw==\n-----END RSA PRIVATE KEY-----\n",
            "content_base64": null,
            "directory_permission": "0777",
            "file_permission": "400",
            "filename": "webserver-key.pem",
            "id": "d84e8b6c58e2bbaea9c3047cba9d202a9e4baf44",
            "sensitive_content": null,
            "source": null
          },
          "sensitive_attributes": [
            [
              {
                "type": "get_attr",
                "value": "content"
              }
            ]
          ],
          "private": "bnVsbA==",
          "dependencies": [
            "tls_private_key.webserver-private-key"
          ]
        }
      ]
    },
    {
      "mode": "managed",
      "type": "tls_private_key",
      "name": "webserver-private-key",
      "provider": "provider[\"registry.terraform.io/hashicorp/tls\"]",
      "instances": [
        {
          "schema_version": 0,
          "attributes": {
            "algorithm": "RSA",
            "ecdsa_curve": "P224",
            "id": "8be775b9aec9fd5e62a55710503b7a030ceede91",
            "private_key_pem": "-----BEGIN RSA PRIVATE KEY-----\nMIIJJwIBAAKCAgEAwFWuWC8o4X0rBROpCSxtwrLqxqjC0T6lYzn117TiUG0IUfP1\nQJnZ3DPOPbr9EYLQpSOMECRfk1y5gcmmXhzwZBoQ3E52s7yhO+11J5iaVJKR80GU\nr9uq27voVl5o+x9FJq6jYJg3MJ6x4iBnEnQkLghZv63BQl0shlRQ2UrAnTfRbLz9\nJXp7nfGp+ddNLpxzF0HzJUWAo7GrBkfv5Thk6maSNv+p5mJwy0geNksfCBXP0GyM\npzWOIC72v6dUiwtwaHxfLiD7UWe7xQ0rnEHrThwQcxGWIDBHZn2QqXzrH3ofOcaj\nI4n88e55ssuqFYHMNB+0yxN+LCjJa5bxFlrWhVKG+XloOh09A+T+W7vCd8pi/SrL\nB1Htc8QwFPaZbzwZJG7KKwHCoTOpykN4tS2CKYSS/iWA7SZh/4YtaiJWR+Mfv9AM\n1z/XU+8qG7bIQW2KvV9eL6fJgNLokDeLfpbEjtXlSBOLmvvaVCVrSfVA+pATbtfG\n+snmOC7DOCh6Ll2iK4q4mQ6AOOGL7pVLW2Y/cyrw5xX0nvRrW5hRuIM3TCqCjut8\nSOYLIoVx0+VuVLs8kZN/Gz9iWUEgkmAmmDpoERLFRyC/uSVQPFigXAv3fmpzBhA5\n0EiVRjVDZ4o/N3ZJDKFKPHX+fLLqtMsb5MDklezSX/ZnoG6Nx0O4XmcCyIMCAwEA\nAQKCAgA2d00S/e/mwypump2w0lsW2tHvhhT9am8thVlgR4IbYnULuDlInQj7+dO6\n2XwW/GOXkFR2scY7FfQWlAM//ZP51QPXT4T/6zgBn4Igv29c6dDZAUZY8q0U4sat\nxriV/Mn5ZVUw4oomg5o+PgzSRf+E5ap8xHjJEVethq0Ki8e1/fuZfn91oJTnKmuH\nK/hYbceN24g+kssWEBcthSujTvANDRT07Dux2Ui12Gtt1qIoCP07ubGvHFRuOr53\nkaw4X/nqLOZLSt3AtM6Qw+UIsAYxrXLfEyjfXqypkn9n788pr8yt8Nl8E/SEkpL2\nFgTJaGNqk1wAcjm1yasYg7ssKHc89iPpQZIipeiu5jnNrimH6Lyp/5vc+bdFXqqa\nQ4qWCfxZx1tRF56NHHmusSYwo6LkyrvL8i4tFq8xWAtNRDn9NATRmcXHQRqxlslp\n0htYE7RZTE1hXSOCyzun6W1PUQQm4o6wwk3tPE+NZASAJ1TgND8cbLnjTMDY1+9e\nHNf2FSZHN4+MysDxbqOt8XtfDxtfr9ijrGgeewIpCwHx45kK30Dp+7jkWzESJKQ6\najwcL8WJghfTvbnnKPfq+/8GKyHkJ8VAu08katPGtLtLSp2nQDCdoVDtieMF282b\nn246nK+o3pXgki/Jzy2gnoTupHWMx0Zc8qb9hwQci/8NhTQeQQKCAQEA7atZT7Ew\njqwRWd+jfmYTXrWsfkVfVU1Wa6sySK7THARHeERjsh+FcQJpKD7Us9uySIXQVWv2\ngeWk0txwhWNVe/N9sG5d44kOxd2ce9EfL+FhrIt+Zq92HOAcQmCc00eiZ8nNrRkS\nWvHYOJTRwXlgb5QDa7DewFrLLHIuirOn2iE8jYrvCY1lrJ37Af4epH4PgK7MoIeF\n0DpcSa2uG7X+d3DOKowgc1mUUV4mzYHL6ybS/s/qqsLYNT3J7RNlPglxKwzzaLet\nO4YlO0eusvpISDqMNtfyB3nlCdC1/xI2u6pwktivohM2Z9wxiBXNmPJ3pAo8e4r2\n0gaRsFpmpKFO4QKCAQEAzys5dgtz4RcYYZdAabuYroqrK+yJVDL9hjRmOrLRzZbD\nVopL96avTIo7CaP7ZzbeHT3gKuYdp0gzCjVpIQkNcFhx+uF79JcsxGWUYgb6+Bfj\nZLaAnCuhQrlbZ0tz5CGtui+uhva9gskJyXjLDOiBvNxFQcM1SPPyhc91H2Uu69XX\n6gIVon3g07kENWOMXku7C8o9z8riVi9skOEGUFiedVhHEcILSWOPefcUqkFxi1OQ\nisMOITN45WLcCbesumgY1ylqdQlVSHtD0ECpZ2B5TE620aLhbfFojUR998pj2kzf\nlnRSDSUOm57atnh+kCfXkM+xzfwKg1v/yr23sne34wKCAQBv+pGj6Jo2PoAWVjZT\n8Ygi0XoqLElUiZG0PP7+G9C/nIyH78EBRbS7oCUnnyLccyC25sVX2fxVC3vzFYW2\ncyztr7WCkR2PfR4Gv/lgpREKoChDAZ5Wh0khJb5qz9ZT/aZZPE25xtxNGTGExylk\n/Okg6R4LeVQaUSz1Df87vpXRQmOjVNh3KbXD9NM1ByQs4HAxcypaYD/98eFVnY0w\n5Ti10eJxTYBkmMo25CNoJEWNz8cN46xvNEpmG2yuVLsY1Z4KaJmutwvZxcR4/7ci\nAKZZ0awKkwgn2Zi+XSXCvjQni5Bqv8lQlbjGioqT0aIC9ArGsUP5+Wl9Xzb5Xj6K\nRq5BAoIBAF1zlyELu4MPAv2K2BCaAh7CCMLwmWY09i4i1valkYSW/Ji+G9SkCTGS\nrV0E7rQ5iOpR7hwL39aE+BkjzL+NMNW73/aW3m6P/y68z7mEgpOFWxskRFGuULkj\nmfq3i5ieJJr3RVg2V3h2rYaHibjR7Sw/hLJMl23INV9tHN1DrG3P8ezqcc3x0IhR\nTney5y/mI4MHAOkKER1lmSiliU6XGyu93ZlCGgtJ8P/ImDbQ/KIn2OzvXiFV8bQv\n6ygrBay0pnfwg8g1pJXknMuFT6WFXFIys79PJTeODWakPdqYHoDr6nQZFqY9UCCd\nAPYM1rK6dkApoIBVsHxe9L0E5aeI35cCggEAKgjpDqdjy1yJJMT3F60fa5hPUjhi\nLkifbx/Y0yGV7w8+25HTVLXZVsXVwo6HCmzYJe3QfxvvEQ3oChSocFaVZj3Y4rxz\n+a21ZBMWqHW5GpAYd8PyaPAYiTv9aTtrzOpM43NtdKSfLHj7WQu/hwZN1Mx1oeT2\nXF/T0Gsk8OBEV1Ys/q0AG9CEAiYB74/fckZD6nx2fAZSEEiOFC+M164YStT2ADP2\nVYT+Nyn1llM6rbN2GRQcOB7s0KMwGOvVuHKpkyKfLgvZP3kjCwt8uK4YjH8Zx2lE\nAJlMoR4b6NdsC63aDvZitM4gbsfokVf3NnYL1gw1u1u7LPIt5GqPgRxxcw==\n-----END RSA PRIVATE KEY-----\n",
            "public_key_fingerprint_md5": "2a:c1:66:fe:71:2b:5f:87:02:d9:9e:ce:b0:52:51:64",
            "public_key_openssh": "ssh-rsa AAAAB3NzaC1yc2EAAAADAQABAAACAQDAVa5YLyjhfSsFE6kJLG3CsurGqMLRPqVjOfXXtOJQbQhR8/VAmdncM849uv0RgtClI4wQJF+TXLmByaZeHPBkGhDcTnazvKE77XUnmJpUkpHzQZSv26rbu+hWXmj7H0UmrqNgmDcwnrHiIGcSdCQuCFm/rcFCXSyGVFDZSsCdN9FsvP0lenud8an5100unHMXQfMlRYCjsasGR+/lOGTqZpI2/6nmYnDLSB42Sx8IFc/QbIynNY4gLva/p1SLC3BofF8uIPtRZ7vFDSucQetOHBBzEZYgMEdmfZCpfOsfeh85xqMjifzx7nmyy6oVgcw0H7TLE34sKMlrlvEWWtaFUob5eWg6HT0D5P5bu8J3ymL9KssHUe1zxDAU9plvPBkkbsorAcKhM6nKQ3i1LYIphJL+JYDtJmH/hi1qIlZH4x+/0AzXP9dT7yobtshBbYq9X14vp8mA0uiQN4t+lsSO1eVIE4ua+9pUJWtJ9UD6kBNu18b6yeY4LsM4KHouXaIririZDoA44YvulUtbZj9zKvDnFfSe9GtbmFG4gzdMKoKO63xI5gsihXHT5W5UuzyRk38bP2JZQSCSYCaYOmgREsVHIL+5JVA8WKBcC/d+anMGEDnQSJVGNUNnij83dkkMoUo8df58suq0yxvkwOSV7NJf9megbo3HQ7heZwLIgw==\n",
            "public_key_pem": "-----BEGIN PUBLIC KEY-----\nMIICIjANBgkqhkiG9w0BAQEFAAOCAg8AMIICCgKCAgEAwFWuWC8o4X0rBROpCSxt\nwrLqxqjC0T6lYzn117TiUG0IUfP1QJnZ3DPOPbr9EYLQpSOMECRfk1y5gcmmXhzw\nZBoQ3E52s7yhO+11J5iaVJKR80GUr9uq27voVl5o+x9FJq6jYJg3MJ6x4iBnEnQk\nLghZv63BQl0shlRQ2UrAnTfRbLz9JXp7nfGp+ddNLpxzF0HzJUWAo7GrBkfv5Thk\n6maSNv+p5mJwy0geNksfCBXP0GyMpzWOIC72v6dUiwtwaHxfLiD7UWe7xQ0rnEHr\nThwQcxGWIDBHZn2QqXzrH3ofOcajI4n88e55ssuqFYHMNB+0yxN+LCjJa5bxFlrW\nhVKG+XloOh09A+T+W7vCd8pi/SrLB1Htc8QwFPaZbzwZJG7KKwHCoTOpykN4tS2C\nKYSS/iWA7SZh/4YtaiJWR+Mfv9AM1z/XU+8qG7bIQW2KvV9eL6fJgNLokDeLfpbE\njtXlSBOLmvvaVCVrSfVA+pATbtfG+snmOC7DOCh6Ll2iK4q4mQ6AOOGL7pVLW2Y/\ncyrw5xX0nvRrW5hRuIM3TCqCjut8SOYLIoVx0+VuVLs8kZN/Gz9iWUEgkmAmmDpo\nERLFRyC/uSVQPFigXAv3fmpzBhA50EiVRjVDZ4o/N3ZJDKFKPHX+fLLqtMsb5MDk\nlezSX/ZnoG6Nx0O4XmcCyIMCAwEAAQ==\n-----END PUBLIC KEY-----\n",
            "rsa_bits": 4096
          },
          "sensitive_attributes": [],
          "private": "bnVsbA==",
          "create_before_destroy": true
        }
      ]
    },
    {
      "module": "module.alb-back",
      "mode": "managed",
      "type": "aws_lb",
      "name": "this",
      "provider": "provider[\"registry.terraform.io/hashicorp/aws\"]",
      "instances": [
        {
          "index_key": 0,
          "schema_version": 0,
          "attributes": {
            "access_logs": [
              {
                "bucket": "",
                "enabled": false,
                "prefix": ""
              }
            ],
            "arn": "arn:aws:elasticloadbalancing:us-east-1:477886836737:loadbalancer/app/elb-back/63f70ce63857f3b9",
            "arn_suffix": "app/elb-back/63f70ce63857f3b9",
            "customer_owned_ipv4_pool": "",
            "desync_mitigation_mode": "defensive",
            "dns_name": "elb-back-1507888814.us-east-1.elb.amazonaws.com",
            "drop_invalid_header_fields": false,
            "enable_cross_zone_load_balancing": null,
            "enable_deletion_protection": false,
            "enable_http2": true,
            "enable_waf_fail_open": false,
            "id": "arn:aws:elasticloadbalancing:us-east-1:477886836737:loadbalancer/app/elb-back/63f70ce63857f3b9",
            "idle_timeout": 60,
            "internal": false,
            "ip_address_type": "ipv4",
            "load_balancer_type": "application",
            "name": "elb-back",
            "name_prefix": null,
            "security_groups": [
              "sg-08b745b661537ff02",
              "sg-0a8bb5dc7f41d0bfc"
            ],
            "subnet_mapping": [
              {
                "allocation_id": "",
                "ipv6_address": "",
                "outpost_id": "",
                "private_ipv4_address": "",
                "subnet_id": "subnet-0393dc31790debeba"
              },
              {
                "allocation_id": "",
                "ipv6_address": "",
                "outpost_id": "",
                "private_ipv4_address": "",
                "subnet_id": "subnet-09d0f87147aef1659"
              }
            ],
            "subnets": [
              "subnet-0393dc31790debeba",
              "subnet-09d0f87147aef1659"
            ],
            "tags": {
              "Name": "elb-back"
            },
            "tags_all": {
              "Name": "elb-back"
            },
            "timeouts": {
              "create": "10m",
              "delete": "10m",
              "update": "10m"
            },
            "vpc_id": "vpc-0be4d66ed10f2ccc4",
            "zone_id": "Z35SXDOTRQ7X7K"
          },
          "sensitive_attributes": [],
          "private": "eyJlMmJmYjczMC1lY2FhLTExZTYtOGY4OC0zNDM2M2JjN2M0YzAiOnsiY3JlYXRlIjo2MDAwMDAwMDAwMDAsImRlbGV0ZSI6NjAwMDAwMDAwMDAwLCJ1cGRhdGUiOjYwMDAwMDAwMDAwMH19",
          "dependencies": [
            "aws_subnet.prod-public-subnet-1",
            "aws_subnet.prod-public-subnet-2",
            "aws_vpc.prod-vpc",
            "aws_security_group.http-allowed",
            "aws_security_group.ssh-allowed"
          ],
          "create_before_destroy": true
        }
      ]
    },
    {
      "module": "module.alb-back",
      "mode": "managed",
      "type": "aws_lb_listener",
      "name": "frontend_http_tcp",
      "provider": "provider[\"registry.terraform.io/hashicorp/aws\"]",
      "instances": [
        {
          "index_key": 0,
          "schema_version": 0,
          "attributes": {
            "alpn_policy": null,
            "arn": "arn:aws:elasticloadbalancing:us-east-1:477886836737:listener/app/elb-back/63f70ce63857f3b9/544fbfd05843bf31",
            "certificate_arn": null,
            "default_action": [
              {
                "authenticate_cognito": [],
                "authenticate_oidc": [],
                "fixed_response": [],
                "forward": [],
                "order": 1,
                "redirect": [],
                "target_group_arn": "arn:aws:elasticloadbalancing:us-east-1:477886836737:targetgroup/pref-20220104150816441700000001/50c24e17005540a9",
                "type": "forward"
              }
            ],
            "id": "arn:aws:elasticloadbalancing:us-east-1:477886836737:listener/app/elb-back/63f70ce63857f3b9/544fbfd05843bf31",
            "load_balancer_arn": "arn:aws:elasticloadbalancing:us-east-1:477886836737:loadbalancer/app/elb-back/63f70ce63857f3b9",
            "port": 80,
            "protocol": "HTTP",
            "ssl_policy": "",
            "tags": {},
            "tags_all": {},
            "timeouts": null
          },
          "sensitive_attributes": [],
          "private": "eyJlMmJmYjczMC1lY2FhLTExZTYtOGY4OC0zNDM2M2JjN2M0YzAiOnsicmVhZCI6NjAwMDAwMDAwMDAwfX0=",
          "dependencies": [
            "module.alb-back.aws_lb_target_group.main",
            "aws_security_group.http-allowed",
            "aws_security_group.ssh-allowed",
            "aws_subnet.prod-public-subnet-1",
            "aws_subnet.prod-public-subnet-2",
            "aws_vpc.prod-vpc",
            "module.alb-back.aws_lb.this"
          ]
        }
      ]
    },
    {
      "module": "module.alb-back",
      "mode": "managed",
      "type": "aws_lb_target_group",
      "name": "main",
      "provider": "provider[\"registry.terraform.io/hashicorp/aws\"]",
      "instances": [
        {
          "index_key": 0,
          "schema_version": 0,
          "attributes": {
            "arn": "arn:aws:elasticloadbalancing:us-east-1:477886836737:targetgroup/pref-20220104150816441700000001/50c24e17005540a9",
            "arn_suffix": "targetgroup/pref-20220104150816441700000001/50c24e17005540a9",
            "connection_termination": false,
            "deregistration_delay": "300",
            "health_check": [
              {
                "enabled": true,
                "healthy_threshold": 5,
                "interval": 30,
                "matcher": "200",
                "path": "/",
                "port": "traffic-port",
                "protocol": "HTTP",
                "timeout": 5,
                "unhealthy_threshold": 2
              }
            ],
            "id": "arn:aws:elasticloadbalancing:us-east-1:477886836737:targetgroup/pref-20220104150816441700000001/50c24e17005540a9",
            "lambda_multi_value_headers_enabled": false,
            "load_balancing_algorithm_type": "round_robin",
            "name": "pref-20220104150816441700000001",
            "name_prefix": "pref-",
            "port": 80,
            "preserve_client_ip": null,
            "protocol": "HTTP",
            "protocol_version": "HTTP1",
            "proxy_protocol_v2": false,
            "slow_start": 0,
            "stickiness": [
              {
                "cookie_duration": 86400,
                "cookie_name": "",
                "enabled": false,
                "type": "lb_cookie"
              }
            ],
            "tags": {
              "Name": "pref-"
            },
            "tags_all": {
              "Name": "pref-"
            },
            "target_type": "instance",
            "vpc_id": "vpc-0be4d66ed10f2ccc4"
          },
          "sensitive_attributes": [],
          "private": "bnVsbA==",
          "dependencies": [
            "aws_vpc.prod-vpc"
          ],
          "create_before_destroy": true
        }
      ]
    },
    {
      "module": "module.alb-front",
      "mode": "managed",
      "type": "aws_lb",
      "name": "this",
      "provider": "provider[\"registry.terraform.io/hashicorp/aws\"]",
      "instances": [
        {
          "index_key": 0,
          "schema_version": 0,
          "attributes": {
            "access_logs": [
              {
                "bucket": "",
                "enabled": false,
                "prefix": ""
              }
            ],
            "arn": "arn:aws:elasticloadbalancing:us-east-1:477886836737:loadbalancer/app/elb-front/67e0917d7ce1474a",
            "arn_suffix": "app/elb-front/67e0917d7ce1474a",
            "customer_owned_ipv4_pool": "",
            "desync_mitigation_mode": "defensive",
            "dns_name": "elb-front-1339527742.us-east-1.elb.amazonaws.com",
            "drop_invalid_header_fields": false,
            "enable_cross_zone_load_balancing": null,
            "enable_deletion_protection": false,
            "enable_http2": true,
            "enable_waf_fail_open": false,
            "id": "arn:aws:elasticloadbalancing:us-east-1:477886836737:loadbalancer/app/elb-front/67e0917d7ce1474a",
            "idle_timeout": 60,
            "internal": false,
            "ip_address_type": "ipv4",
            "load_balancer_type": "application",
            "name": "elb-front",
            "name_prefix": null,
            "security_groups": [
              "sg-08b745b661537ff02",
              "sg-0a8bb5dc7f41d0bfc"
            ],
            "subnet_mapping": [
              {
                "allocation_id": "",
                "ipv6_address": "",
                "outpost_id": "",
                "private_ipv4_address": "",
                "subnet_id": "subnet-0393dc31790debeba"
              },
              {
                "allocation_id": "",
                "ipv6_address": "",
                "outpost_id": "",
                "private_ipv4_address": "",
                "subnet_id": "subnet-09d0f87147aef1659"
              }
            ],
            "subnets": [
              "subnet-0393dc31790debeba",
              "subnet-09d0f87147aef1659"
            ],
            "tags": {
              "Name": "elb-front"
            },
            "tags_all": {
              "Name": "elb-front"
            },
            "timeouts": {
              "create": "10m",
              "delete": "10m",
              "update": "10m"
            },
            "vpc_id": "vpc-0be4d66ed10f2ccc4",
            "zone_id": "Z35SXDOTRQ7X7K"
          },
          "sensitive_attributes": [],
          "private": "eyJlMmJmYjczMC1lY2FhLTExZTYtOGY4OC0zNDM2M2JjN2M0YzAiOnsiY3JlYXRlIjo2MDAwMDAwMDAwMDAsImRlbGV0ZSI6NjAwMDAwMDAwMDAwLCJ1cGRhdGUiOjYwMDAwMDAwMDAwMH19",
          "dependencies": [
            "aws_security_group.http-allowed",
            "aws_security_group.ssh-allowed",
            "aws_subnet.prod-public-subnet-1",
            "aws_subnet.prod-public-subnet-2",
            "aws_vpc.prod-vpc"
          ]
        }
      ]
    },
    {
      "module": "module.alb-front",
      "mode": "managed",
      "type": "aws_lb_listener",
      "name": "frontend_http_tcp",
      "provider": "provider[\"registry.terraform.io/hashicorp/aws\"]",
      "instances": [
        {
          "index_key": 0,
          "schema_version": 0,
          "attributes": {
            "alpn_policy": null,
            "arn": "arn:aws:elasticloadbalancing:us-east-1:477886836737:listener/app/elb-front/67e0917d7ce1474a/c47816f01b6190ee",
            "certificate_arn": null,
            "default_action": [
              {
                "authenticate_cognito": [],
                "authenticate_oidc": [],
                "fixed_response": [],
                "forward": [],
                "order": 1,
                "redirect": [],
                "target_group_arn": "arn:aws:elasticloadbalancing:us-east-1:477886836737:targetgroup/pref-20220104150816450600000002/1b3c0ec44337c22c",
                "type": "forward"
              }
            ],
            "id": "arn:aws:elasticloadbalancing:us-east-1:477886836737:listener/app/elb-front/67e0917d7ce1474a/c47816f01b6190ee",
            "load_balancer_arn": "arn:aws:elasticloadbalancing:us-east-1:477886836737:loadbalancer/app/elb-front/67e0917d7ce1474a",
            "port": 80,
            "protocol": "HTTP",
            "ssl_policy": "",
            "tags": {},
            "tags_all": {},
            "timeouts": null
          },
          "sensitive_attributes": [],
          "private": "eyJlMmJmYjczMC1lY2FhLTExZTYtOGY4OC0zNDM2M2JjN2M0YzAiOnsicmVhZCI6NjAwMDAwMDAwMDAwfX0=",
          "dependencies": [
            "aws_subnet.prod-public-subnet-1",
            "aws_subnet.prod-public-subnet-2",
            "aws_vpc.prod-vpc",
            "module.alb-front.aws_lb.this",
            "module.alb-front.aws_lb_target_group.main",
            "aws_security_group.http-allowed",
            "aws_security_group.ssh-allowed"
          ]
        }
      ]
    },
    {
      "module": "module.alb-front",
      "mode": "managed",
      "type": "aws_lb_target_group",
      "name": "main",
      "provider": "provider[\"registry.terraform.io/hashicorp/aws\"]",
      "instances": [
        {
          "index_key": 0,
          "schema_version": 0,
          "attributes": {
            "arn": "arn:aws:elasticloadbalancing:us-east-1:477886836737:targetgroup/pref-20220104150816450600000002/1b3c0ec44337c22c",
            "arn_suffix": "targetgroup/pref-20220104150816450600000002/1b3c0ec44337c22c",
            "connection_termination": false,
            "deregistration_delay": "300",
            "health_check": [
              {
                "enabled": true,
                "healthy_threshold": 5,
                "interval": 30,
                "matcher": "200",
                "path": "/",
                "port": "traffic-port",
                "protocol": "HTTP",
                "timeout": 5,
                "unhealthy_threshold": 2
              }
            ],
            "id": "arn:aws:elasticloadbalancing:us-east-1:477886836737:targetgroup/pref-20220104150816450600000002/1b3c0ec44337c22c",
            "lambda_multi_value_headers_enabled": false,
            "load_balancing_algorithm_type": "round_robin",
            "name": "pref-20220104150816450600000002",
            "name_prefix": "pref-",
            "port": 80,
            "preserve_client_ip": null,
            "protocol": "HTTP",
            "protocol_version": "HTTP1",
            "proxy_protocol_v2": false,
            "slow_start": 0,
            "stickiness": [
              {
                "cookie_duration": 86400,
                "cookie_name": "",
                "enabled": false,
                "type": "lb_cookie"
              }
            ],
            "tags": {
              "Name": "pref-"
            },
            "tags_all": {
              "Name": "pref-"
            },
            "target_type": "instance",
            "vpc_id": "vpc-0be4d66ed10f2ccc4"
          },
          "sensitive_attributes": [],
          "private": "bnVsbA==",
          "dependencies": [
            "aws_vpc.prod-vpc"
          ],
          "create_before_destroy": true
        }
      ]
    }
  ]
}
